// !$*UTF8*$!
{
	archiveVersion = 1;
	classes = {
	};
	objectVersion = 46;
	objects = {

/* Begin PBXBuildFile section */
		B9800E961A8418340022ECC2 /* main.m in Sources */ = {isa = PBXBuildFile; fileRef = B9800E951A8418340022ECC2 /* main.m */; };
		B9800E991A8418340022ECC2 /* AppDelegate.m in Sources */ = {isa = PBXBuildFile; fileRef = B9800E981A8418340022ECC2 /* AppDelegate.m */; };
		B9800E9C1A8418340022ECC2 /* ViewController.m in Sources */ = {isa = PBXBuildFile; fileRef = B9800E9B1A8418340022ECC2 /* ViewController.m */; };
		B9800E9F1A8418340022ECC2 /* Main.storyboard in Resources */ = {isa = PBXBuildFile; fileRef = B9800E9D1A8418340022ECC2 /* Main.storyboard */; };
		B9800EA11A8418340022ECC2 /* Images.xcassets in Resources */ = {isa = PBXBuildFile; fileRef = B9800EA01A8418340022ECC2 /* Images.xcassets */; };
		B9800EA41A8418340022ECC2 /* LaunchScreen.xib in Resources */ = {isa = PBXBuildFile; fileRef = B9800EA21A8418340022ECC2 /* LaunchScreen.xib */; };
		B9800EB01A8418340022ECC2 /* MusicRunnerTests.m in Sources */ = {isa = PBXBuildFile; fileRef = B9800EAF1A8418340022ECC2 /* MusicRunnerTests.m */; };
/* End PBXBuildFile section */

/* Begin PBXContainerItemProxy section */
		B9800EAA1A8418340022ECC2 /* PBXContainerItemProxy */ = {
			isa = PBXContainerItemProxy;
			containerPortal = B9800E881A8418340022ECC2 /* Project object */;
			proxyType = 1;
			remoteGlobalIDString = B9800E8F1A8418340022ECC2;
			remoteInfo = MusicRunner;
		};
/* End PBXContainerItemProxy section */

/* Begin PBXFileReference section */
		B9800E901A8418340022ECC2 /* MusicRunner.app */ = {isa = PBXFileReference; explicitFileType = wrapper.application; includeInIndex = 0; path = MusicRunner.app; sourceTree = BUILT_PRODUCTS_DIR; };
		B9800E941A8418340022ECC2 /* Info.plist */ = {isa = PBXFileReference; lastKnownFileType = text.plist.xml; path = Info.plist; sourceTree = "<group>"; };
		B9800E951A8418340022ECC2 /* main.m */ = {isa = PBXFileReference; lastKnownFileType = sourcecode.c.objc; path = main.m; sourceTree = "<group>"; };
		B9800E971A8418340022ECC2 /* AppDelegate.h */ = {isa = PBXFileReference; lastKnownFileType = sourcecode.c.h; path = AppDelegate.h; sourceTree = "<group>"; };
		B9800E981A8418340022ECC2 /* AppDelegate.m */ = {isa = PBXFileReference; lastKnownFileType = sourcecode.c.objc; path = AppDelegate.m; sourceTree = "<group>"; };
		B9800E9A1A8418340022ECC2 /* ViewController.h */ = {isa = PBXFileReference; lastKnownFileType = sourcecode.c.h; path = ViewController.h; sourceTree = "<group>"; };
		B9800E9B1A8418340022ECC2 /* ViewController.m */ = {isa = PBXFileReference; lastKnownFileType = sourcecode.c.objc; path = ViewController.m; sourceTree = "<group>"; };
		B9800E9E1A8418340022ECC2 /* Base */ = {isa = PBXFileReference; lastKnownFileType = file.storyboard; name = Base; path = Base.lproj/Main.storyboard; sourceTree = "<group>"; };
		B9800EA01A8418340022ECC2 /* Images.xcassets */ = {isa = PBXFileReference; lastKnownFileType = folder.assetcatalog; path = Images.xcassets; sourceTree = "<group>"; };
		B9800EA31A8418340022ECC2 /* Base */ = {isa = PBXFileReference; lastKnownFileType = file.xib; name = Base; path = Base.lproj/LaunchScreen.xib; sourceTree = "<group>"; };
		B9800EA91A8418340022ECC2 /* MusicRunnerTests.xctest */ = {isa = PBXFileReference; explicitFileType = wrapper.cfbundle; includeInIndex = 0; path = MusicRunnerTests.xctest; sourceTree = BUILT_PRODUCTS_DIR; };
		B9800EAE1A8418340022ECC2 /* Info.plist */ = {isa = PBXFileReference; lastKnownFileType = text.plist.xml; path = Info.plist; sourceTree = "<group>"; };
		B9800EAF1A8418340022ECC2 /* MusicRunnerTests.m */ = {isa = PBXFileReference; lastKnownFileType = sourcecode.c.objc; path = MusicRunnerTests.m; sourceTree = "<group>"; };
/* End PBXFileReference section */

/* Begin PBXFrameworksBuildPhase section */
		B9800E8D1A8418340022ECC2 /* Frameworks */ = {
			isa = PBXFrameworksBuildPhase;
			buildActionMask = 2147483647;
			files = (
			);
			runOnlyForDeploymentPostprocessing = 0;
		};
		B9800EA61A8418340022ECC2 /* Frameworks */ = {
			isa = PBXFrameworksBuildPhase;
			buildActionMask = 2147483647;
			files = (
			);
			runOnlyForDeploymentPostprocessing = 0;
		};
/* End PBXFrameworksBuildPhase section */

/* Begin PBXGroup section */
		B9800E871A8418340022ECC2 = {
			isa = PBXGroup;
			children = (
				B9800E921A8418340022ECC2 /* MusicRunner */,
				B9800EAC1A8418340022ECC2 /* MusicRunnerTests */,
				B9800E911A8418340022ECC2 /* Products */,
			);
			sourceTree = "<group>";
		};
		B9800E911A8418340022ECC2 /* Products */ = {
			isa = PBXGroup;
			children = (
				B9800E901A8418340022ECC2 /* MusicRunner.app */,
				B9800EA91A8418340022ECC2 /* MusicRunnerTests.xctest */,
			);
			name = Products;
			sourceTree = "<group>";
		};
		B9800E921A8418340022ECC2 /* MusicRunner */ = {
			isa = PBXGroup;
			children = (
				B9800E971A8418340022ECC2 /* AppDelegate.h */,
				B9800E981A8418340022ECC2 /* AppDelegate.m */,
				B9800E9A1A8418340022ECC2 /* ViewController.h */,
				B9800E9B1A8418340022ECC2 /* ViewController.m */,
				B9800E9D1A8418340022ECC2 /* Main.storyboard */,
				B9800EA01A8418340022ECC2 /* Images.xcassets */,
				B9800EA21A8418340022ECC2 /* LaunchScreen.xib */,
				B9800E931A8418340022ECC2 /* Supporting Files */,
			);
			path = MusicRunner;
			sourceTree = "<group>";
		};
		B9800E931A8418340022ECC2 /* Supporting Files */ = {
			isa = PBXGroup;
			children = (
				B9800E941A8418340022ECC2 /* Info.plist */,
				B9800E951A8418340022ECC2 /* main.m */,
			);
			name = "Supporting Files";
			sourceTree = "<group>";
		};
		B9800EAC1A8418340022ECC2 /* MusicRunnerTests */ = {
			isa = PBXGroup;
			children = (
				B9800EAF1A8418340022ECC2 /* MusicRunnerTests.m */,
				B9800EAD1A8418340022ECC2 /* Supporting Files */,
			);
			path = MusicRunnerTests;
			sourceTree = "<group>";
		};
		B9800EAD1A8418340022ECC2 /* Supporting Files */ = {
			isa = PBXGroup;
			children = (
				B9800EAE1A8418340022ECC2 /* Info.plist */,
			);
			name = "Supporting Files";
			sourceTree = "<group>";
		};
/* End PBXGroup section */

/* Begin PBXNativeTarget section */
		B9800E8F1A8418340022ECC2 /* MusicRunner */ = {
			isa = PBXNativeTarget;
			buildConfigurationList = B9800EB31A8418340022ECC2 /* Build configuration list for PBXNativeTarget "MusicRunner" */;
			buildPhases = (
				B9800E8C1A8418340022ECC2 /* Sources */,
				B9800E8D1A8418340022ECC2 /* Frameworks */,
				B9800E8E1A8418340022ECC2 /* Resources */,
			);
			buildRules = (
			);
			dependencies = (
			);
			name = MusicRunner;
			productName = MusicRunner;
			productReference = B9800E901A8418340022ECC2 /* MusicRunner.app */;
			productType = "com.apple.product-type.application";
		};
		B9800EA81A8418340022ECC2 /* MusicRunnerTests */ = {
			isa = PBXNativeTarget;
			buildConfigurationList = B9800EB61A8418340022ECC2 /* Build configuration list for PBXNativeTarget "MusicRunnerTests" */;
			buildPhases = (
				B9800EA51A8418340022ECC2 /* Sources */,
				B9800EA61A8418340022ECC2 /* Frameworks */,
				B9800EA71A8418340022ECC2 /* Resources */,
			);
			buildRules = (
			);
			dependencies = (
				B9800EAB1A8418340022ECC2 /* PBXTargetDependency */,
			);
			name = MusicRunnerTests;
			productName = MusicRunnerTests;
			productReference = B9800EA91A8418340022ECC2 /* MusicRunnerTests.xctest */;
			productType = "com.apple.product-type.bundle.unit-test";
		};
/* End PBXNativeTarget section */

/* Begin PBXProject section */
		B9800E881A8418340022ECC2 /* Project object */ = {
			isa = PBXProject;
			attributes = {
				LastUpgradeCheck = 0610;
				ORGANIZATIONNAME = mattahorton;
				TargetAttributes = {
					B9800E8F1A8418340022ECC2 = {
						CreatedOnToolsVersion = 6.1.1;
					};
					B9800EA81A8418340022ECC2 = {
						CreatedOnToolsVersion = 6.1.1;
						TestTargetID = B9800E8F1A8418340022ECC2;
					};
				};
			};
			buildConfigurationList = B9800E8B1A8418340022ECC2 /* Build configuration list for PBXProject "MusicRunner" */;
			compatibilityVersion = "Xcode 3.2";
			developmentRegion = English;
			hasScannedForEncodings = 0;
			knownRegions = (
				en,
				Base,
			);
			mainGroup = B9800E871A8418340022ECC2;
			productRefGroup = B9800E911A8418340022ECC2 /* Products */;
			projectDirPath = "";
			projectRoot = "";
			targets = (
				B9800E8F1A8418340022ECC2 /* MusicRunner */,
				B9800EA81A8418340022ECC2 /* MusicRunnerTests */,
			);
		};
/* End PBXProject section */

/* Begin PBXResourcesBuildPhase section */
		B9800E8E1A8418340022ECC2 /* Resources */ = {
			isa = PBXResourcesBuildPhase;
			buildActionMask = 2147483647;
			files = (
				B9800E9F1A8418340022ECC2 /* Main.storyboard in Resources */,
				B9800EA41A8418340022ECC2 /* LaunchScreen.xib in Resources */,
				B9800EA11A8418340022ECC2 /* Images.xcassets in Resources */,
			);
			runOnlyForDeploymentPostprocessing = 0;
		};
		B9800EA71A8418340022ECC2 /* Resources */ = {
			isa = PBXResourcesBuildPhase;
			buildActionMask = 2147483647;
			files = (
			);
			runOnlyForDeploymentPostprocessing = 0;
		};
/* End PBXResourcesBuildPhase section */

/* Begin PBXSourcesBuildPhase section */
		B9800E8C1A8418340022ECC2 /* Sources */ = {
			isa = PBXSourcesBuildPhase;
			buildActionMask = 2147483647;
			files = (
				B9800E9C1A8418340022ECC2 /* ViewController.m in Sources */,
				B9800E991A8418340022ECC2 /* AppDelegate.m in Sources */,
				B9800E961A8418340022ECC2 /* main.m in Sources */,
			);
			runOnlyForDeploymentPostprocessing = 0;
		};
		B9800EA51A8418340022ECC2 /* Sources */ = {
			isa = PBXSourcesBuildPhase;
			buildActionMask = 2147483647;
			files = (
				B9800EB01A8418340022ECC2 /* MusicRunnerTests.m in Sources */,
			);
			runOnlyForDeploymentPostprocessing = 0;
		};
/* End PBXSourcesBuildPhase section */

/* Begin PBXTargetDependency section */
		B9800EAB1A8418340022ECC2 /* PBXTargetDependency */ = {
			isa = PBXTargetDependency;
			target = B9800E8F1A8418340022ECC2 /* MusicRunner */;
			targetProxy = B9800EAA1A8418340022ECC2 /* PBXContainerItemProxy */;
		};
/* End PBXTargetDependency section */

/* Begin PBXVariantGroup section */
		B9800E9D1A8418340022ECC2 /* Main.storyboard */ = {
			isa = PBXVariantGroup;
			children = (
				B9800E9E1A8418340022ECC2 /* Base */,
			);
			name = Main.storyboard;
			sourceTree = "<group>";
		};
		B9800EA21A8418340022ECC2 /* LaunchScreen.xib */ = {
			isa = PBXVariantGroup;
			children = (
				B9800EA31A8418340022ECC2 /* Base */,
			);
			name = LaunchScreen.xib;
			sourceTree = "<group>";
		};
/* End PBXVariantGroup section */

/* Begin XCBuildConfiguration section */
		B9800EB11A8418340022ECC2 /* Debug */ = {
			isa = XCBuildConfiguration;
			buildSettings = {
				ALWAYS_SEARCH_USER_PATHS = NO;
				CLANG_CXX_LANGUAGE_STANDARD = "gnu++0x";
				CLANG_CXX_LIBRARY = "libc++";
				CLANG_ENABLE_MODULES = YES;
				CLANG_ENABLE_OBJC_ARC = YES;
				CLANG_WARN_BOOL_CONVERSION = YES;
				CLANG_WARN_CONSTANT_CONVERSION = YES;
				CLANG_WARN_DIRECT_OBJC_ISA_USAGE = YES_ERROR;
				CLANG_WARN_EMPTY_BODY = YES;
				CLANG_WARN_ENUM_CONVERSION = YES;
				CLANG_WARN_INT_CONVERSION = YES;
				CLANG_WARN_OBJC_ROOT_CLASS = YES_ERROR;
				CLANG_WARN_UNREACHABLE_CODE = YES;
				CLANG_WARN__DUPLICATE_METHOD_MATCH = YES;
				"CODE_SIGN_IDENTITY[sdk=iphoneos*]" = "iPhone Developer";
				COPY_PHASE_STRIP = NO;
				ENABLE_STRICT_OBJC_MSGSEND = YES;
				GCC_C_LANGUAGE_STANDARD = gnu99;
				GCC_DYNAMIC_NO_PIC = NO;
				GCC_OPTIMIZATION_LEVEL = 0;
				GCC_PREPROCESSOR_DEFINITIONS = (
					"DEBUG=1",
					"$(inherited)",
				);
				GCC_SYMBOLS_PRIVATE_EXTERN = NO;
				GCC_WARN_64_TO_32_BIT_CONVERSION = YES;
				GCC_WARN_ABOUT_RETURN_TYPE = YES_ERROR;
				GCC_WARN_UNDECLARED_SELECTOR = YES;
				GCC_WARN_UNINITIALIZED_AUTOS = YES_AGGRESSIVE;
				GCC_WARN_UNUSED_FUNCTION = YES;
				GCC_WARN_UNUSED_VARIABLE = YES;
				IPHONEOS_DEPLOYMENT_TARGET = 8.1;
				MTL_ENABLE_DEBUG_INFO = YES;
				ONLY_ACTIVE_ARCH = YES;
				SDKROOT = iphoneos;
			};
			name = Debug;
		};
		B9800EB21A8418340022ECC2 /* Release */ = {
			isa = XCBuildConfiguration;
			buildSettings = {
				ALWAYS_SEARCH_USER_PATHS = NO;
				CLANG_CXX_LANGUAGE_STANDARD = "gnu++0x";
				CLANG_CXX_LIBRARY = "libc++";
				CLANG_ENABLE_MODULES = YES;
				CLANG_ENABLE_OBJC_ARC = YES;
				CLANG_WARN_BOOL_CONVERSION = YES;
				CLANG_WARN_CONSTANT_CONVERSION = YES;
				CLANG_WARN_DIRECT_OBJC_ISA_USAGE = YES_ERROR;
				CLANG_WARN_EMPTY_BODY = YES;
				CLANG_WARN_ENUM_CONVERSION = YES;
				CLANG_WARN_INT_CONVERSION = YES;
				CLANG_WARN_OBJC_ROOT_CLASS = YES_ERROR;
				CLANG_WARN_UNREACHABLE_CODE = YES;
				CLANG_WARN__DUPLICATE_METHOD_MATCH = YES;
				"CODE_SIGN_IDENTITY[sdk=iphoneos*]" = "iPhone Developer";
				COPY_PHASE_STRIP = YES;
				ENABLE_NS_ASSERTIONS = NO;
				ENABLE_STRICT_OBJC_MSGSEND = YES;
				GCC_C_LANGUAGE_STANDARD = gnu99;
				GCC_WARN_64_TO_32_BIT_CONVERSION = YES;
				GCC_WARN_ABOUT_RETURN_TYPE = YES_ERROR;
				GCC_WARN_UNDECLARED_SELECTOR = YES;
				GCC_WARN_UNINITIALIZED_AUTOS = YES_AGGRESSIVE;
				GCC_WARN_UNUSED_FUNCTION = YES;
				GCC_WARN_UNUSED_VARIABLE = YES;
				IPHONEOS_DEPLOYMENT_TARGET = 8.1;
				MTL_ENABLE_DEBUG_INFO = NO;
				SDKROOT = iphoneos;
				VALIDATE_PRODUCT = YES;
			};
			name = Release;
		};
		B9800EB41A8418340022ECC2 /* Debug */ = {
			isa = XCBuildConfiguration;
			buildSettings = {
				ASSETCATALOG_COMPILER_APPICON_NAME = AppIcon;
				INFOPLIST_FILE = MusicRunner/Info.plist;
				LD_RUNPATH_SEARCH_PATHS = "$(inherited) @executable_path/Frameworks";
				PRODUCT_NAME = "$(TARGET_NAME)";
			};
			name = Debug;
		};
		B9800EB51A8418340022ECC2 /* Release */ = {
			isa = XCBuildConfiguration;
			buildSettings = {
				ASSETCATALOG_COMPILER_APPICON_NAME = AppIcon;
				INFOPLIST_FILE = MusicRunner/Info.plist;
				LD_RUNPATH_SEARCH_PATHS = "$(inherited) @executable_path/Frameworks";
				PRODUCT_NAME = "$(TARGET_NAME)";
			};
			name = Release;
		};
		B9800EB71A8418340022ECC2 /* Debug */ = {
			isa = XCBuildConfiguration;
			buildSettings = {
				BUNDLE_LOADER = "$(TEST_HOST)";
				FRAMEWORK_SEARCH_PATHS = (
					"$(SDKROOT)/Developer/Library/Frameworks",
					"$(inherited)",
				);
				GCC_PREPROCESSOR_DEFINITIONS = (
					"DEBUG=1",
					"$(inherited)",
				);
				INFOPLIST_FILE = MusicRunnerTests/Info.plist;
				LD_RUNPATH_SEARCH_PATHS = "$(inherited) @executable_path/Frameworks @loader_path/Frameworks";
				PRODUCT_NAME = "$(TARGET_NAME)";
				TEST_HOST = "$(BUILT_PRODUCTS_DIR)/MusicRunner.app/MusicRunner";
			};
			name = Debug;
		};
		B9800EB81A8418340022ECC2 /* Release */ = {
			isa = XCBuildConfiguration;
			buildSettings = {
				BUNDLE_LOADER = "$(TEST_HOST)";
				FRAMEWORK_SEARCH_PATHS = (
					"$(SDKROOT)/Developer/Library/Frameworks",
					"$(inherited)",
				);
				INFOPLIST_FILE = MusicRunnerTests/Info.plist;
				LD_RUNPATH_SEARCH_PATHS = "$(inherited) @executable_path/Frameworks @loader_path/Frameworks";
				PRODUCT_NAME = "$(TARGET_NAME)";
				TEST_HOST = "$(BUILT_PRODUCTS_DIR)/MusicRunner.app/MusicRunner";
			};
			name = Release;
		};
/* End XCBuildConfiguration section */

/* Begin XCConfigurationList section */
		B9800E8B1A8418340022ECC2 /* Build configuration list for PBXProject "MusicRunner" */ = {
			isa = XCConfigurationList;
			buildConfigurations = (
				B9800EB11A8418340022ECC2 /* Debug */,
				B9800EB21A8418340022ECC2 /* Release */,
			);
			defaultConfigurationIsVisible = 0;
			defaultConfigurationName = Release;
		};
		B9800EB31A8418340022ECC2 /* Build configuration list for PBXNativeTarget "MusicRunner" */ = {
			isa = XCConfigurationList;
			buildConfigurations = (
				B9800EB41A8418340022ECC2 /* Debug */,
				B9800EB51A8418340022ECC2 /* Release */,
			);
			defaultConfigurationIsVisible = 0;
		};
		B9800EB61A8418340022ECC2 /* Build configuration list for PBXNativeTarget "MusicRunnerTests" */ = {
			isa = XCConfigurationList;
			buildConfigurations = (
				B9800EB71A8418340022ECC2 /* Debug */,
				B9800EB81A8418340022ECC2 /* Release */,
			);
			defaultConfigurationIsVisible = 0;
		};
/* End XCConfigurationList section */
	};
	rootObject = B9800E881A8418340022ECC2 /* Project object */;
}
