<?xml version="1.0" encoding="UTF-8"?>
<!DOCTYPE plist PUBLIC "-//Apple//DTD PLIST 1.0//EN" "http://www.apple.com/DTDs/PropertyList-1.0.dtd">
<plist version="1.0">
<dict>
	<key>archiveVersion</key>
	<string>1</string>
	<key>classes</key>
	<dict/>
	<key>objectVersion</key>
	<string>46</string>
	<key>objects</key>
	<dict>
		<key>0C54ED957635D17141F03B81</key>
		<dict>
			<key>buildActionMask</key>
			<string>2147483647</string>
			<key>files</key>
			<array/>
			<key>inputPaths</key>
			<array/>
			<key>isa</key>
			<string>PBXShellScriptBuildPhase</string>
			<key>name</key>
			<string>Copy Pods Resources</string>
			<key>outputPaths</key>
			<array/>
			<key>runOnlyForDeploymentPostprocessing</key>
			<string>0</string>
			<key>shellPath</key>
			<string>/bin/sh</string>
			<key>shellScript</key>
			<string>"${SRCROOT}/Pods/Target Support Files/Pods/Pods-resources.sh"
</string>
			<key>showEnvVarsInLog</key>
			<string>0</string>
		</dict>
		<key>0E01667800DDFD54233BC400</key>
		<dict>
			<key>children</key>
			<array>
				<string>B99168CB1A86F4D1007B0949</string>
				<string>B99168C91A86F4CD007B0949</string>
				<string>B99168C71A86F4C7007B0949</string>
				<string>B99168C51A86F4BA007B0949</string>
				<string>B99168A21A86DE5A007B0949</string>
				<string>EC87F14EDA87243E936546E7</string>
			</array>
			<key>isa</key>
			<string>PBXGroup</string>
			<key>name</key>
			<string>Frameworks</string>
			<key>sourceTree</key>
			<string>&lt;group&gt;</string>
		</dict>
		<key>1023BAE4740C3F4E5A84E233</key>
		<dict>
			<key>includeInIndex</key>
			<string>1</string>
			<key>isa</key>
			<string>PBXFileReference</string>
			<key>lastKnownFileType</key>
			<string>text.xcconfig</string>
			<key>name</key>
			<string>Pods.debug.xcconfig</string>
			<key>path</key>
			<string>Pods/Target Support Files/Pods/Pods.debug.xcconfig</string>
			<key>sourceTree</key>
			<string>&lt;group&gt;</string>
		</dict>
		<key>73ED43C95DF1A3BD26FA6CEA</key>
		<dict>
			<key>fileRef</key>
			<string>EC87F14EDA87243E936546E7</string>
			<key>isa</key>
			<string>PBXBuildFile</string>
		</dict>
		<key>B9800E871A8418340022ECC2</key>
		<dict>
			<key>children</key>
			<array>
				<string>B9800F011A84563D0022ECC2</string>
				<string>B9800E921A8418340022ECC2</string>
				<string>B9800EAC1A8418340022ECC2</string>
				<string>B9800E911A8418340022ECC2</string>
				<string>0E01667800DDFD54233BC400</string>
				<string>FF29E6512CB7EEA928621EFE</string>
			</array>
			<key>isa</key>
			<string>PBXGroup</string>
			<key>sourceTree</key>
			<string>&lt;group&gt;</string>
		</dict>
		<key>B9800E881A8418340022ECC2</key>
		<dict>
			<key>attributes</key>
			<dict>
				<key>LastUpgradeCheck</key>
				<string>0610</string>
				<key>ORGANIZATIONNAME</key>
				<string>mattahorton</string>
				<key>TargetAttributes</key>
				<dict>
					<key>B9800E8F1A8418340022ECC2</key>
					<dict>
						<key>CreatedOnToolsVersion</key>
						<string>6.1.1</string>
						<key>DevelopmentTeam</key>
						<string>3N2PU8Q3L6</string>
					</dict>
					<key>B9800EA81A8418340022ECC2</key>
					<dict>
						<key>CreatedOnToolsVersion</key>
						<string>6.1.1</string>
						<key>TestTargetID</key>
						<string>B9800E8F1A8418340022ECC2</string>
					</dict>
				</dict>
			</dict>
			<key>buildConfigurationList</key>
			<string>B9800E8B1A8418340022ECC2</string>
			<key>compatibilityVersion</key>
			<string>Xcode 3.2</string>
			<key>developmentRegion</key>
			<string>English</string>
			<key>hasScannedForEncodings</key>
			<string>0</string>
			<key>isa</key>
			<string>PBXProject</string>
			<key>knownRegions</key>
			<array>
				<string>en</string>
				<string>Base</string>
			</array>
			<key>mainGroup</key>
			<string>B9800E871A8418340022ECC2</string>
			<key>productRefGroup</key>
			<string>B9800E911A8418340022ECC2</string>
			<key>projectDirPath</key>
			<string></string>
			<key>projectReferences</key>
			<array/>
			<key>projectRoot</key>
			<string></string>
			<key>targets</key>
			<array>
				<string>B9800E8F1A8418340022ECC2</string>
				<string>B9800EA81A8418340022ECC2</string>
			</array>
		</dict>
		<key>B9800E8B1A8418340022ECC2</key>
		<dict>
			<key>buildConfigurations</key>
			<array>
				<string>B9800EB11A8418340022ECC2</string>
				<string>B9800EB21A8418340022ECC2</string>
			</array>
			<key>defaultConfigurationIsVisible</key>
			<string>0</string>
			<key>defaultConfigurationName</key>
			<string>Release</string>
			<key>isa</key>
			<string>XCConfigurationList</string>
		</dict>
		<key>B9800E8C1A8418340022ECC2</key>
		<dict>
			<key>buildActionMask</key>
			<string>2147483647</string>
			<key>files</key>
			<array>
				<string>B9800EFB1A8451360022ECC2</string>
				<string>B9800E9C1A8418340022ECC2</string>
				<string>B9800E991A8418340022ECC2</string>
				<string>B9800F001A8451360022ECC2</string>
				<string>B9800EF41A8451360022ECC2</string>
				<string>B9800EF21A8451360022ECC2</string>
				<string>B991689D1A86D155007B0949</string>
				<string>B9800EFC1A8451360022ECC2</string>
				<string>B9E2ACDB1A8744E900223E6D</string>
				<string>B9800EF31A8451360022ECC2</string>
				<string>B9800E961A8418340022ECC2</string>
				<string>B991689E1A86D155007B0949</string>
				<string>B9800EEE1A8451360022ECC2</string>
				<string>B9800EFE1A8451360022ECC2</string>
				<string>B9800EFF1A8451360022ECC2</string>
				<string>B9800EFA1A8451360022ECC2</string>
				<string>B9800EF51A8451360022ECC2</string>
				<string>B9800EC01A8451160022ECC2</string>
				<string>B991689C1A86D155007B0949</string>
				<string>B9800EF11A8451360022ECC2</string>
				<string>B9800EEF1A8451360022ECC2</string>
				<string>B991689F1A86D155007B0949</string>
				<string>B9800EF01A8451360022ECC2</string>
			</array>
			<key>isa</key>
			<string>PBXSourcesBuildPhase</string>
			<key>runOnlyForDeploymentPostprocessing</key>
			<string>0</string>
		</dict>
		<key>B9800E8D1A8418340022ECC2</key>
		<dict>
			<key>buildActionMask</key>
			<string>2147483647</string>
			<key>files</key>
			<array>
				<string>B99168CC1A86F4D1007B0949</string>
				<string>B99168CA1A86F4CD007B0949</string>
				<string>B99168C81A86F4C7007B0949</string>
				<string>B99168C61A86F4BA007B0949</string>
				<string>B99168BD1A86F49F007B0949</string>
				<string>B99168C01A86F49F007B0949</string>
				<string>B99168C31A86F49F007B0949</string>
				<string>B99168BF1A86F49F007B0949</string>
				<string>B99168A31A86DE5A007B0949</string>
				<string>B99168BE1A86F49F007B0949</string>
				<string>B99168C11A86F49F007B0949</string>
				<string>B9800F031A84566B0022ECC2</string>
				<string>B99168C41A86F49F007B0949</string>
				<string>B99168C21A86F49F007B0949</string>
				<string>73ED43C95DF1A3BD26FA6CEA</string>
			</array>
			<key>isa</key>
			<string>PBXFrameworksBuildPhase</string>
			<key>runOnlyForDeploymentPostprocessing</key>
			<string>0</string>
		</dict>
		<key>B9800E8E1A8418340022ECC2</key>
		<dict>
			<key>buildActionMask</key>
			<string>2147483647</string>
			<key>files</key>
			<array>
				<string>B99168AC1A86E592007B0949</string>
				<string>B99168A81A86E2B1007B0949</string>
				<string>B99168A91A86E2B1007B0949</string>
				<string>B99168AA1A86E2B1007B0949</string>
				<string>B9800E9F1A8418340022ECC2</string>
				<string>B9800F141A8578500022ECC2</string>
				<string>B9800EA41A8418340022ECC2</string>
				<string>B9800F121A8578500022ECC2</string>
				<string>B99168A11A86D49F007B0949</string>
				<string>B9800F161A8578500022ECC2</string>
				<string>B9800F111A8578500022ECC2</string>
				<string>B9800EA11A8418340022ECC2</string>
				<string>B9800F181A8578500022ECC2</string>
				<string>B9800F151A8578500022ECC2</string>
				<string>B9800F101A8578500022ECC2</string>
				<string>B9800F171A8578500022ECC2</string>
				<string>B9800F0F1A8578500022ECC2</string>
				<string>B9800F131A8578500022ECC2</string>
			</array>
			<key>isa</key>
			<string>PBXResourcesBuildPhase</string>
			<key>runOnlyForDeploymentPostprocessing</key>
			<string>0</string>
		</dict>
		<key>B9800E8F1A8418340022ECC2</key>
		<dict>
			<key>buildConfigurationList</key>
			<string>B9800EB31A8418340022ECC2</string>
			<key>buildPhases</key>
			<array>
				<string>D94835D3AAC3A595B7EEFCDF</string>
				<string>B9800E8C1A8418340022ECC2</string>
				<string>B9800E8D1A8418340022ECC2</string>
				<string>B9800E8E1A8418340022ECC2</string>
				<string>0C54ED957635D17141F03B81</string>
			</array>
			<key>buildRules</key>
			<array/>
			<key>dependencies</key>
			<array/>
			<key>isa</key>
			<string>PBXNativeTarget</string>
			<key>name</key>
			<string>MusicRunner</string>
			<key>productName</key>
			<string>MusicRunner</string>
			<key>productReference</key>
			<string>B9800E901A8418340022ECC2</string>
			<key>productType</key>
			<string>com.apple.product-type.application</string>
		</dict>
		<key>B9800E901A8418340022ECC2</key>
		<dict>
			<key>explicitFileType</key>
			<string>wrapper.application</string>
			<key>includeInIndex</key>
			<string>0</string>
			<key>isa</key>
			<string>PBXFileReference</string>
			<key>path</key>
			<string>MusicRunner.app</string>
			<key>sourceTree</key>
			<string>BUILT_PRODUCTS_DIR</string>
		</dict>
		<key>B9800E911A8418340022ECC2</key>
		<dict>
			<key>children</key>
			<array>
				<string>B9800E901A8418340022ECC2</string>
				<string>B9800EA91A8418340022ECC2</string>
			</array>
			<key>isa</key>
			<string>PBXGroup</string>
			<key>name</key>
			<string>Products</string>
			<key>sourceTree</key>
			<string>&lt;group&gt;</string>
		</dict>
		<key>B9800E921A8418340022ECC2</key>
		<dict>
			<key>children</key>
			<array>
				<string>B99168AD1A86F49F007B0949</string>
				<string>B99168A41A86DEEC007B0949</string>
				<string>B9800F041A8578500022ECC2</string>
				<string>B9800EC21A8451360022ECC2</string>
				<string>B9800EBB1A8451160022ECC2</string>
				<string>B9800E971A8418340022ECC2</string>
				<string>B9800E981A8418340022ECC2</string>
				<string>B9800E9A1A8418340022ECC2</string>
				<string>B9800E9B1A8418340022ECC2</string>
				<string>B9800E9D1A8418340022ECC2</string>
				<string>B9800EA01A8418340022ECC2</string>
				<string>B9800EA21A8418340022ECC2</string>
				<string>B9800E931A8418340022ECC2</string>
				<string>B9E2ACD91A8744E900223E6D</string>
				<string>B9E2ACDA1A8744E900223E6D</string>
			</array>
			<key>isa</key>
			<string>PBXGroup</string>
			<key>path</key>
			<string>MusicRunner</string>
			<key>sourceTree</key>
			<string>&lt;group&gt;</string>
		</dict>
		<key>B9800E931A8418340022ECC2</key>
		<dict>
			<key>children</key>
			<array>
				<string>B9800E941A8418340022ECC2</string>
				<string>B9800E951A8418340022ECC2</string>
			</array>
			<key>isa</key>
			<string>PBXGroup</string>
			<key>name</key>
			<string>Supporting Files</string>
			<key>sourceTree</key>
			<string>&lt;group&gt;</string>
		</dict>
		<key>B9800E941A8418340022ECC2</key>
		<dict>
			<key>isa</key>
			<string>PBXFileReference</string>
			<key>lastKnownFileType</key>
			<string>text.plist.xml</string>
			<key>path</key>
			<string>Info.plist</string>
			<key>sourceTree</key>
			<string>&lt;group&gt;</string>
		</dict>
		<key>B9800E951A8418340022ECC2</key>
		<dict>
			<key>isa</key>
			<string>PBXFileReference</string>
			<key>lastKnownFileType</key>
			<string>sourcecode.c.objc</string>
			<key>path</key>
			<string>main.m</string>
			<key>sourceTree</key>
			<string>&lt;group&gt;</string>
		</dict>
		<key>B9800E961A8418340022ECC2</key>
		<dict>
			<key>fileRef</key>
			<string>B9800E951A8418340022ECC2</string>
			<key>isa</key>
			<string>PBXBuildFile</string>
		</dict>
		<key>B9800E971A8418340022ECC2</key>
		<dict>
			<key>isa</key>
			<string>PBXFileReference</string>
			<key>lastKnownFileType</key>
			<string>sourcecode.c.h</string>
			<key>path</key>
			<string>AppDelegate.h</string>
			<key>sourceTree</key>
			<string>&lt;group&gt;</string>
		</dict>
		<key>B9800E981A8418340022ECC2</key>
		<dict>
			<key>isa</key>
			<string>PBXFileReference</string>
			<key>lastKnownFileType</key>
			<string>sourcecode.c.objc</string>
			<key>path</key>
			<string>AppDelegate.m</string>
			<key>sourceTree</key>
			<string>&lt;group&gt;</string>
		</dict>
		<key>B9800E991A8418340022ECC2</key>
		<dict>
			<key>fileRef</key>
			<string>B9800E981A8418340022ECC2</string>
			<key>isa</key>
			<string>PBXBuildFile</string>
		</dict>
		<key>B9800E9A1A8418340022ECC2</key>
		<dict>
			<key>isa</key>
			<string>PBXFileReference</string>
			<key>lastKnownFileType</key>
			<string>sourcecode.c.h</string>
			<key>path</key>
			<string>TileScrollViewController.h</string>
			<key>sourceTree</key>
			<string>&lt;group&gt;</string>
		</dict>
		<key>B9800E9B1A8418340022ECC2</key>
		<dict>
			<key>isa</key>
			<string>PBXFileReference</string>
			<key>lastKnownFileType</key>
			<string>sourcecode.cpp.objcpp</string>
			<key>path</key>
			<string>TileScrollViewController.mm</string>
			<key>sourceTree</key>
			<string>&lt;group&gt;</string>
		</dict>
		<key>B9800E9C1A8418340022ECC2</key>
		<dict>
			<key>fileRef</key>
			<string>B9800E9B1A8418340022ECC2</string>
			<key>isa</key>
			<string>PBXBuildFile</string>
		</dict>
		<key>B9800E9D1A8418340022ECC2</key>
		<dict>
			<key>children</key>
			<array>
				<string>B9800E9E1A8418340022ECC2</string>
			</array>
			<key>isa</key>
			<string>PBXVariantGroup</string>
			<key>name</key>
			<string>Main.storyboard</string>
			<key>sourceTree</key>
			<string>&lt;group&gt;</string>
		</dict>
		<key>B9800E9E1A8418340022ECC2</key>
		<dict>
			<key>isa</key>
			<string>PBXFileReference</string>
			<key>lastKnownFileType</key>
			<string>file.storyboard</string>
			<key>name</key>
			<string>Base</string>
			<key>path</key>
			<string>Base.lproj/Main.storyboard</string>
			<key>sourceTree</key>
			<string>&lt;group&gt;</string>
		</dict>
		<key>B9800E9F1A8418340022ECC2</key>
		<dict>
			<key>fileRef</key>
			<string>B9800E9D1A8418340022ECC2</string>
			<key>isa</key>
			<string>PBXBuildFile</string>
		</dict>
		<key>B9800EA01A8418340022ECC2</key>
		<dict>
			<key>isa</key>
			<string>PBXFileReference</string>
			<key>lastKnownFileType</key>
			<string>folder.assetcatalog</string>
			<key>path</key>
			<string>Images.xcassets</string>
			<key>sourceTree</key>
			<string>&lt;group&gt;</string>
		</dict>
		<key>B9800EA11A8418340022ECC2</key>
		<dict>
			<key>fileRef</key>
			<string>B9800EA01A8418340022ECC2</string>
			<key>isa</key>
			<string>PBXBuildFile</string>
		</dict>
		<key>B9800EA21A8418340022ECC2</key>
		<dict>
			<key>children</key>
			<array>
				<string>B9800EA31A8418340022ECC2</string>
			</array>
			<key>isa</key>
			<string>PBXVariantGroup</string>
			<key>name</key>
			<string>LaunchScreen.xib</string>
			<key>sourceTree</key>
			<string>&lt;group&gt;</string>
		</dict>
		<key>B9800EA31A8418340022ECC2</key>
		<dict>
			<key>isa</key>
			<string>PBXFileReference</string>
			<key>lastKnownFileType</key>
			<string>file.xib</string>
			<key>name</key>
			<string>Base</string>
			<key>path</key>
			<string>Base.lproj/LaunchScreen.xib</string>
			<key>sourceTree</key>
			<string>&lt;group&gt;</string>
		</dict>
		<key>B9800EA41A8418340022ECC2</key>
		<dict>
			<key>fileRef</key>
			<string>B9800EA21A8418340022ECC2</string>
			<key>isa</key>
			<string>PBXBuildFile</string>
		</dict>
		<key>B9800EA51A8418340022ECC2</key>
		<dict>
			<key>buildActionMask</key>
			<string>2147483647</string>
			<key>files</key>
			<array>
				<string>B9800EB01A8418340022ECC2</string>
			</array>
			<key>isa</key>
			<string>PBXSourcesBuildPhase</string>
			<key>runOnlyForDeploymentPostprocessing</key>
			<string>0</string>
		</dict>
		<key>B9800EA61A8418340022ECC2</key>
		<dict>
			<key>buildActionMask</key>
			<string>2147483647</string>
			<key>files</key>
			<array/>
			<key>isa</key>
			<string>PBXFrameworksBuildPhase</string>
			<key>runOnlyForDeploymentPostprocessing</key>
			<string>0</string>
		</dict>
		<key>B9800EA71A8418340022ECC2</key>
		<dict>
			<key>buildActionMask</key>
			<string>2147483647</string>
			<key>files</key>
			<array/>
			<key>isa</key>
			<string>PBXResourcesBuildPhase</string>
			<key>runOnlyForDeploymentPostprocessing</key>
			<string>0</string>
		</dict>
		<key>B9800EA81A8418340022ECC2</key>
		<dict>
			<key>buildConfigurationList</key>
			<string>B9800EB61A8418340022ECC2</string>
			<key>buildPhases</key>
			<array>
				<string>B9800EA51A8418340022ECC2</string>
				<string>B9800EA61A8418340022ECC2</string>
				<string>B9800EA71A8418340022ECC2</string>
			</array>
			<key>buildRules</key>
			<array/>
			<key>dependencies</key>
			<array>
				<string>B9800EAB1A8418340022ECC2</string>
			</array>
			<key>isa</key>
			<string>PBXNativeTarget</string>
			<key>name</key>
			<string>MusicRunnerTests</string>
			<key>productName</key>
			<string>MusicRunnerTests</string>
			<key>productReference</key>
			<string>B9800EA91A8418340022ECC2</string>
			<key>productType</key>
			<string>com.apple.product-type.bundle.unit-test</string>
		</dict>
		<key>B9800EA91A8418340022ECC2</key>
		<dict>
			<key>explicitFileType</key>
			<string>wrapper.cfbundle</string>
			<key>includeInIndex</key>
			<string>0</string>
			<key>isa</key>
			<string>PBXFileReference</string>
			<key>path</key>
			<string>MusicRunnerTests.xctest</string>
			<key>sourceTree</key>
			<string>BUILT_PRODUCTS_DIR</string>
		</dict>
		<key>B9800EAA1A8418340022ECC2</key>
		<dict>
			<key>containerPortal</key>
			<string>B9800E881A8418340022ECC2</string>
			<key>isa</key>
			<string>PBXContainerItemProxy</string>
			<key>proxyType</key>
			<string>1</string>
			<key>remoteGlobalIDString</key>
			<string>B9800E8F1A8418340022ECC2</string>
			<key>remoteInfo</key>
			<string>MusicRunner</string>
		</dict>
		<key>B9800EAB1A8418340022ECC2</key>
		<dict>
			<key>isa</key>
			<string>PBXTargetDependency</string>
			<key>target</key>
			<string>B9800E8F1A8418340022ECC2</string>
			<key>targetProxy</key>
			<string>B9800EAA1A8418340022ECC2</string>
		</dict>
		<key>B9800EAC1A8418340022ECC2</key>
		<dict>
			<key>children</key>
			<array>
				<string>B9800EAF1A8418340022ECC2</string>
				<string>B9800EAD1A8418340022ECC2</string>
			</array>
			<key>isa</key>
			<string>PBXGroup</string>
			<key>path</key>
			<string>MusicRunnerTests</string>
			<key>sourceTree</key>
			<string>&lt;group&gt;</string>
		</dict>
		<key>B9800EAD1A8418340022ECC2</key>
		<dict>
			<key>children</key>
			<array>
				<string>B9800EAE1A8418340022ECC2</string>
			</array>
			<key>isa</key>
			<string>PBXGroup</string>
			<key>name</key>
			<string>Supporting Files</string>
			<key>sourceTree</key>
			<string>&lt;group&gt;</string>
		</dict>
		<key>B9800EAE1A8418340022ECC2</key>
		<dict>
			<key>isa</key>
			<string>PBXFileReference</string>
			<key>lastKnownFileType</key>
			<string>text.plist.xml</string>
			<key>path</key>
			<string>Info.plist</string>
			<key>sourceTree</key>
			<string>&lt;group&gt;</string>
		</dict>
		<key>B9800EAF1A8418340022ECC2</key>
		<dict>
			<key>isa</key>
			<string>PBXFileReference</string>
			<key>lastKnownFileType</key>
			<string>sourcecode.c.objc</string>
			<key>path</key>
			<string>MusicRunnerTests.m</string>
			<key>sourceTree</key>
			<string>&lt;group&gt;</string>
		</dict>
		<key>B9800EB01A8418340022ECC2</key>
		<dict>
			<key>fileRef</key>
			<string>B9800EAF1A8418340022ECC2</string>
			<key>isa</key>
			<string>PBXBuildFile</string>
		</dict>
		<key>B9800EB11A8418340022ECC2</key>
		<dict>
			<key>buildSettings</key>
			<dict>
				<key>ALWAYS_SEARCH_USER_PATHS</key>
				<string>NO</string>
				<key>CLANG_CXX_LANGUAGE_STANDARD</key>
				<string>gnu++0x</string>
				<key>CLANG_CXX_LIBRARY</key>
				<string>libc++</string>
				<key>CLANG_ENABLE_MODULES</key>
				<string>YES</string>
				<key>CLANG_ENABLE_OBJC_ARC</key>
				<string>YES</string>
				<key>CLANG_WARN_BOOL_CONVERSION</key>
				<string>YES</string>
				<key>CLANG_WARN_CONSTANT_CONVERSION</key>
				<string>YES</string>
				<key>CLANG_WARN_DIRECT_OBJC_ISA_USAGE</key>
				<string>YES_ERROR</string>
				<key>CLANG_WARN_EMPTY_BODY</key>
				<string>YES</string>
				<key>CLANG_WARN_ENUM_CONVERSION</key>
				<string>YES</string>
				<key>CLANG_WARN_INT_CONVERSION</key>
				<string>YES</string>
				<key>CLANG_WARN_OBJC_ROOT_CLASS</key>
				<string>YES_ERROR</string>
				<key>CLANG_WARN_UNREACHABLE_CODE</key>
				<string>YES</string>
				<key>CLANG_WARN__DUPLICATE_METHOD_MATCH</key>
				<string>YES</string>
				<key>CODE_SIGN_IDENTITY[sdk=iphoneos*]</key>
				<string>iPhone Developer</string>
				<key>COPY_PHASE_STRIP</key>
				<string>NO</string>
				<key>ENABLE_STRICT_OBJC_MSGSEND</key>
				<string>YES</string>
				<key>GCC_C_LANGUAGE_STANDARD</key>
				<string>gnu99</string>
				<key>GCC_DYNAMIC_NO_PIC</key>
				<string>NO</string>
				<key>GCC_OPTIMIZATION_LEVEL</key>
				<string>0</string>
				<key>GCC_PREPROCESSOR_DEFINITIONS</key>
				<array>
					<string>DEBUG=1</string>
					<string>$(inherited)</string>
				</array>
				<key>GCC_SYMBOLS_PRIVATE_EXTERN</key>
				<string>NO</string>
				<key>GCC_WARN_64_TO_32_BIT_CONVERSION</key>
				<string>YES</string>
				<key>GCC_WARN_ABOUT_RETURN_TYPE</key>
				<string>YES_ERROR</string>
				<key>GCC_WARN_UNDECLARED_SELECTOR</key>
				<string>YES</string>
				<key>GCC_WARN_UNINITIALIZED_AUTOS</key>
				<string>YES_AGGRESSIVE</string>
				<key>GCC_WARN_UNUSED_FUNCTION</key>
				<string>YES</string>
				<key>GCC_WARN_UNUSED_VARIABLE</key>
				<string>YES</string>
				<key>IPHONEOS_DEPLOYMENT_TARGET</key>
				<string>8.1</string>
				<key>MTL_ENABLE_DEBUG_INFO</key>
				<string>YES</string>
				<key>ONLY_ACTIVE_ARCH</key>
				<string>YES</string>
				<key>SDKROOT</key>
				<string>iphoneos</string>
			</dict>
			<key>isa</key>
			<string>XCBuildConfiguration</string>
			<key>name</key>
			<string>Debug</string>
		</dict>
		<key>B9800EB21A8418340022ECC2</key>
		<dict>
			<key>buildSettings</key>
			<dict>
				<key>ALWAYS_SEARCH_USER_PATHS</key>
				<string>NO</string>
				<key>CLANG_CXX_LANGUAGE_STANDARD</key>
				<string>gnu++0x</string>
				<key>CLANG_CXX_LIBRARY</key>
				<string>libc++</string>
				<key>CLANG_ENABLE_MODULES</key>
				<string>YES</string>
				<key>CLANG_ENABLE_OBJC_ARC</key>
				<string>YES</string>
				<key>CLANG_WARN_BOOL_CONVERSION</key>
				<string>YES</string>
				<key>CLANG_WARN_CONSTANT_CONVERSION</key>
				<string>YES</string>
				<key>CLANG_WARN_DIRECT_OBJC_ISA_USAGE</key>
				<string>YES_ERROR</string>
				<key>CLANG_WARN_EMPTY_BODY</key>
				<string>YES</string>
				<key>CLANG_WARN_ENUM_CONVERSION</key>
				<string>YES</string>
				<key>CLANG_WARN_INT_CONVERSION</key>
				<string>YES</string>
				<key>CLANG_WARN_OBJC_ROOT_CLASS</key>
				<string>YES_ERROR</string>
				<key>CLANG_WARN_UNREACHABLE_CODE</key>
				<string>YES</string>
				<key>CLANG_WARN__DUPLICATE_METHOD_MATCH</key>
				<string>YES</string>
				<key>CODE_SIGN_IDENTITY[sdk=iphoneos*]</key>
				<string>iPhone Developer</string>
				<key>COPY_PHASE_STRIP</key>
				<string>YES</string>
				<key>ENABLE_NS_ASSERTIONS</key>
				<string>NO</string>
				<key>ENABLE_STRICT_OBJC_MSGSEND</key>
				<string>YES</string>
				<key>GCC_C_LANGUAGE_STANDARD</key>
				<string>gnu99</string>
				<key>GCC_WARN_64_TO_32_BIT_CONVERSION</key>
				<string>YES</string>
				<key>GCC_WARN_ABOUT_RETURN_TYPE</key>
				<string>YES_ERROR</string>
				<key>GCC_WARN_UNDECLARED_SELECTOR</key>
				<string>YES</string>
				<key>GCC_WARN_UNINITIALIZED_AUTOS</key>
				<string>YES_AGGRESSIVE</string>
				<key>GCC_WARN_UNUSED_FUNCTION</key>
				<string>YES</string>
				<key>GCC_WARN_UNUSED_VARIABLE</key>
				<string>YES</string>
				<key>IPHONEOS_DEPLOYMENT_TARGET</key>
				<string>8.1</string>
				<key>MTL_ENABLE_DEBUG_INFO</key>
				<string>NO</string>
				<key>SDKROOT</key>
				<string>iphoneos</string>
				<key>VALIDATE_PRODUCT</key>
				<string>YES</string>
			</dict>
			<key>isa</key>
			<string>XCBuildConfiguration</string>
			<key>name</key>
			<string>Release</string>
		</dict>
		<key>B9800EB31A8418340022ECC2</key>
		<dict>
			<key>buildConfigurations</key>
			<array>
				<string>B9800EB41A8418340022ECC2</string>
				<string>B9800EB51A8418340022ECC2</string>
			</array>
			<key>defaultConfigurationIsVisible</key>
			<string>0</string>
			<key>defaultConfigurationName</key>
			<string>Release</string>
			<key>isa</key>
			<string>XCConfigurationList</string>
		</dict>
		<key>B9800EB41A8418340022ECC2</key>
		<dict>
			<key>baseConfigurationReference</key>
			<string>1023BAE4740C3F4E5A84E233</string>
			<key>buildSettings</key>
			<dict>
				<key>ASSETCATALOG_COMPILER_APPICON_NAME</key>
				<string>AppIcon</string>
				<key>CODE_SIGN_IDENTITY</key>
				<string>iPhone Developer</string>
				<key>CODE_SIGN_IDENTITY[sdk=iphoneos*]</key>
				<string>iPhone Developer</string>
				<key>INFOPLIST_FILE</key>
				<string>MusicRunner/Info.plist</string>
				<key>IPHONEOS_DEPLOYMENT_TARGET</key>
				<string>8.1</string>
				<key>LD_RUNPATH_SEARCH_PATHS</key>
				<string>$(inherited) @executable_path/Frameworks</string>
				<key>LIBRARY_SEARCH_PATHS</key>
				<array>
					<string>$(inherited)</string>
					<string>$(PROJECT_DIR)/MusicRunner/bass24-ios/bassenc</string>
					<string>$(PROJECT_DIR)/MusicRunner/bass24-ios/bassflac</string>
					<string>$(PROJECT_DIR)/MusicRunner/bass24-ios/bassmidi</string>
					<string>$(PROJECT_DIR)/MusicRunner/bass24-ios/bassmix</string>
					<string>$(PROJECT_DIR)/MusicRunner/bass24-ios/bassopus</string>
					<string>$(PROJECT_DIR)/MusicRunner/bass24-ios/basswv</string>
					<string>$(PROJECT_DIR)/MusicRunner/bass24-ios</string>
					<string>$(PROJECT_DIR)/MusicRunner/bass24-ios/mp3-free</string>
				</array>
				<key>OTHER_LDFLAGS</key>
				<string></string>
				<key>PRODUCT_NAME</key>
				<string>$(TARGET_NAME)</string>
				<key>PROVISIONING_PROFILE</key>
				<string></string>
			</dict>
			<key>isa</key>
			<string>XCBuildConfiguration</string>
			<key>name</key>
			<string>Debug</string>
		</dict>
		<key>B9800EB51A8418340022ECC2</key>
		<dict>
			<key>baseConfigurationReference</key>
			<string>CE1C5A6EAD74C16215A7B543</string>
			<key>buildSettings</key>
			<dict>
				<key>ASSETCATALOG_COMPILER_APPICON_NAME</key>
				<string>AppIcon</string>
				<key>CODE_SIGN_IDENTITY</key>
				<string>iPhone Developer</string>
				<key>CODE_SIGN_IDENTITY[sdk=iphoneos*]</key>
				<string>iPhone Developer</string>
				<key>INFOPLIST_FILE</key>
				<string>MusicRunner/Info.plist</string>
				<key>IPHONEOS_DEPLOYMENT_TARGET</key>
				<string>8.1</string>
				<key>LD_RUNPATH_SEARCH_PATHS</key>
				<string>$(inherited) @executable_path/Frameworks</string>
				<key>LIBRARY_SEARCH_PATHS</key>
				<array>
					<string>$(inherited)</string>
					<string>$(PROJECT_DIR)/MusicRunner/bass24-ios/bassenc</string>
					<string>$(PROJECT_DIR)/MusicRunner/bass24-ios/bassflac</string>
					<string>$(PROJECT_DIR)/MusicRunner/bass24-ios/bassmidi</string>
					<string>$(PROJECT_DIR)/MusicRunner/bass24-ios/bassmix</string>
					<string>$(PROJECT_DIR)/MusicRunner/bass24-ios/bassopus</string>
					<string>$(PROJECT_DIR)/MusicRunner/bass24-ios/basswv</string>
					<string>$(PROJECT_DIR)/MusicRunner/bass24-ios</string>
					<string>$(PROJECT_DIR)/MusicRunner/bass24-ios/mp3-free</string>
				</array>
				<key>OTHER_LDFLAGS</key>
				<string></string>
				<key>PRODUCT_NAME</key>
				<string>$(TARGET_NAME)</string>
				<key>PROVISIONING_PROFILE</key>
				<string></string>
			</dict>
			<key>isa</key>
			<string>XCBuildConfiguration</string>
			<key>name</key>
			<string>Release</string>
		</dict>
		<key>B9800EB61A8418340022ECC2</key>
		<dict>
			<key>buildConfigurations</key>
			<array>
				<string>B9800EB71A8418340022ECC2</string>
				<string>B9800EB81A8418340022ECC2</string>
			</array>
			<key>defaultConfigurationIsVisible</key>
			<string>0</string>
			<key>defaultConfigurationName</key>
			<string>Release</string>
			<key>isa</key>
			<string>XCConfigurationList</string>
		</dict>
		<key>B9800EB71A8418340022ECC2</key>
		<dict>
			<key>buildSettings</key>
			<dict>
				<key>BUNDLE_LOADER</key>
				<string>$(TEST_HOST)</string>
				<key>FRAMEWORK_SEARCH_PATHS</key>
				<array>
					<string>$(SDKROOT)/Developer/Library/Frameworks</string>
					<string>$(inherited)</string>
				</array>
				<key>GCC_PREPROCESSOR_DEFINITIONS</key>
				<array>
					<string>DEBUG=1</string>
					<string>$(inherited)</string>
				</array>
				<key>INFOPLIST_FILE</key>
				<string>MusicRunnerTests/Info.plist</string>
				<key>LD_RUNPATH_SEARCH_PATHS</key>
				<string>$(inherited) @executable_path/Frameworks @loader_path/Frameworks</string>
				<key>PRODUCT_NAME</key>
				<string>$(TARGET_NAME)</string>
				<key>TEST_HOST</key>
				<string>$(BUILT_PRODUCTS_DIR)/MusicRunner.app/MusicRunner</string>
			</dict>
			<key>isa</key>
			<string>XCBuildConfiguration</string>
			<key>name</key>
			<string>Debug</string>
		</dict>
		<key>B9800EB81A8418340022ECC2</key>
		<dict>
			<key>buildSettings</key>
			<dict>
				<key>BUNDLE_LOADER</key>
				<string>$(TEST_HOST)</string>
				<key>FRAMEWORK_SEARCH_PATHS</key>
				<array>
					<string>$(SDKROOT)/Developer/Library/Frameworks</string>
					<string>$(inherited)</string>
				</array>
				<key>INFOPLIST_FILE</key>
				<string>MusicRunnerTests/Info.plist</string>
				<key>LD_RUNPATH_SEARCH_PATHS</key>
				<string>$(inherited) @executable_path/Frameworks @loader_path/Frameworks</string>
				<key>PRODUCT_NAME</key>
				<string>$(TARGET_NAME)</string>
				<key>TEST_HOST</key>
				<string>$(BUILT_PRODUCTS_DIR)/MusicRunner.app/MusicRunner</string>
			</dict>
			<key>isa</key>
			<string>XCBuildConfiguration</string>
			<key>name</key>
			<string>Release</string>
		</dict>
		<key>B9800EBB1A8451160022ECC2</key>
		<dict>
			<key>children</key>
			<array>
				<string>B9800EBC1A8451160022ECC2</string>
				<string>B9800EBD1A8451160022ECC2</string>
			</array>
			<key>isa</key>
			<string>PBXGroup</string>
			<key>path</key>
			<string>core</string>
			<key>sourceTree</key>
			<string>&lt;group&gt;</string>
		</dict>
		<key>B9800EBC1A8451160022ECC2</key>
		<dict>
			<key>fileEncoding</key>
			<string>4</string>
			<key>isa</key>
			<string>PBXFileReference</string>
			<key>lastKnownFileType</key>
			<string>sourcecode.c.h</string>
			<key>path</key>
			<string>MHCore.h</string>
			<key>sourceTree</key>
			<string>&lt;group&gt;</string>
		</dict>
		<key>B9800EBD1A8451160022ECC2</key>
		<dict>
			<key>fileEncoding</key>
			<string>4</string>
			<key>isa</key>
			<string>PBXFileReference</string>
			<key>lastKnownFileType</key>
			<string>sourcecode.cpp.objcpp</string>
			<key>path</key>
			<string>MHCore.mm</string>
			<key>sourceTree</key>
			<string>&lt;group&gt;</string>
		</dict>
		<key>B9800EC01A8451160022ECC2</key>
		<dict>
			<key>fileRef</key>
			<string>B9800EBD1A8451160022ECC2</string>
			<key>isa</key>
			<string>PBXBuildFile</string>
		</dict>
		<key>B9800EC21A8451360022ECC2</key>
		<dict>
			<key>children</key>
			<array>
				<string>B99168921A86D155007B0949</string>
				<string>B9800EC31A8451360022ECC2</string>
				<string>B9800EDF1A8451360022ECC2</string>
			</array>
			<key>isa</key>
			<string>PBXGroup</string>
			<key>path</key>
			<string>api</string>
			<key>sourceTree</key>
			<string>&lt;group&gt;</string>
		</dict>
		<key>B9800EC31A8451360022ECC2</key>
		<dict>
			<key>children</key>
			<array>
				<string>B9800EC41A8451360022ECC2</string>
				<string>B9800EC51A8451360022ECC2</string>
				<string>B9800EC61A8451360022ECC2</string>
				<string>B9800EC71A8451360022ECC2</string>
				<string>B9800EC81A8451360022ECC2</string>
				<string>B9800EC91A8451360022ECC2</string>
				<string>B9800ECA1A8451360022ECC2</string>
				<string>B9800ECB1A8451360022ECC2</string>
				<string>B9800ECC1A8451360022ECC2</string>
				<string>B9800ECD1A8451360022ECC2</string>
				<string>B9800ECE1A8451360022ECC2</string>
				<string>B9800ECF1A8451360022ECC2</string>
				<string>B9800ED01A8451360022ECC2</string>
				<string>B9800ED11A8451360022ECC2</string>
				<string>B9800ED21A8451360022ECC2</string>
				<string>B9800ED31A8451360022ECC2</string>
				<string>B9800ED41A8451360022ECC2</string>
			</array>
			<key>isa</key>
			<string>PBXGroup</string>
			<key>path</key>
			<string>momu</string>
			<key>sourceTree</key>
			<string>&lt;group&gt;</string>
		</dict>
		<key>B9800EC41A8451360022ECC2</key>
		<dict>
			<key>fileEncoding</key>
			<string>4</string>
			<key>isa</key>
			<string>PBXFileReference</string>
			<key>lastKnownFileType</key>
			<string>sourcecode.c.h</string>
			<key>path</key>
			<string>mo-audio.h</string>
			<key>sourceTree</key>
			<string>&lt;group&gt;</string>
		</dict>
		<key>B9800EC51A8451360022ECC2</key>
		<dict>
			<key>fileEncoding</key>
			<string>4</string>
			<key>isa</key>
			<string>PBXFileReference</string>
			<key>lastKnownFileType</key>
			<string>sourcecode.cpp.objcpp</string>
			<key>path</key>
			<string>mo-audio.mm</string>
			<key>sourceTree</key>
			<string>&lt;group&gt;</string>
		</dict>
		<key>B9800EC61A8451360022ECC2</key>
		<dict>
			<key>fileEncoding</key>
			<string>4</string>
			<key>isa</key>
			<string>PBXFileReference</string>
			<key>lastKnownFileType</key>
			<string>sourcecode.c.h</string>
			<key>path</key>
			<string>mo-buffer.h</string>
			<key>sourceTree</key>
			<string>&lt;group&gt;</string>
		</dict>
		<key>B9800EC71A8451360022ECC2</key>
		<dict>
			<key>fileEncoding</key>
			<string>4</string>
			<key>isa</key>
			<string>PBXFileReference</string>
			<key>lastKnownFileType</key>
			<string>sourcecode.cpp.objcpp</string>
			<key>path</key>
			<string>mo-buffer.mm</string>
			<key>sourceTree</key>
			<string>&lt;group&gt;</string>
		</dict>
		<key>B9800EC81A8451360022ECC2</key>
		<dict>
			<key>fileEncoding</key>
			<string>4</string>
			<key>isa</key>
			<string>PBXFileReference</string>
			<key>lastKnownFileType</key>
			<string>sourcecode.c.h</string>
			<key>path</key>
			<string>mo-def.h</string>
			<key>sourceTree</key>
			<string>&lt;group&gt;</string>
		</dict>
		<key>B9800EC91A8451360022ECC2</key>
		<dict>
			<key>fileEncoding</key>
			<string>4</string>
			<key>isa</key>
			<string>PBXFileReference</string>
			<key>lastKnownFileType</key>
			<string>sourcecode.c.h</string>
			<key>path</key>
			<string>mo-fft.h</string>
			<key>sourceTree</key>
			<string>&lt;group&gt;</string>
		</dict>
		<key>B9800ECA1A8451360022ECC2</key>
		<dict>
			<key>fileEncoding</key>
			<string>4</string>
			<key>isa</key>
			<string>PBXFileReference</string>
			<key>lastKnownFileType</key>
			<string>sourcecode.cpp.objcpp</string>
			<key>path</key>
			<string>mo-fft.mm</string>
			<key>sourceTree</key>
			<string>&lt;group&gt;</string>
		</dict>
		<key>B9800ECB1A8451360022ECC2</key>
		<dict>
			<key>fileEncoding</key>
			<string>4</string>
			<key>isa</key>
			<string>PBXFileReference</string>
			<key>lastKnownFileType</key>
			<string>sourcecode.cpp.cpp</string>
			<key>path</key>
			<string>mo-fun.cpp</string>
			<key>sourceTree</key>
			<string>&lt;group&gt;</string>
		</dict>
		<key>B9800ECC1A8451360022ECC2</key>
		<dict>
			<key>fileEncoding</key>
			<string>4</string>
			<key>isa</key>
			<string>PBXFileReference</string>
			<key>lastKnownFileType</key>
			<string>sourcecode.c.h</string>
			<key>path</key>
			<string>mo-fun.h</string>
			<key>sourceTree</key>
			<string>&lt;group&gt;</string>
		</dict>
		<key>B9800ECD1A8451360022ECC2</key>
		<dict>
			<key>fileEncoding</key>
			<string>4</string>
			<key>isa</key>
			<string>PBXFileReference</string>
			<key>lastKnownFileType</key>
			<string>sourcecode.c.h</string>
			<key>path</key>
			<string>mo-gfx.h</string>
			<key>sourceTree</key>
			<string>&lt;group&gt;</string>
		</dict>
		<key>B9800ECE1A8451360022ECC2</key>
		<dict>
			<key>fileEncoding</key>
			<string>4</string>
			<key>isa</key>
			<string>PBXFileReference</string>
			<key>lastKnownFileType</key>
			<string>sourcecode.cpp.objcpp</string>
			<key>path</key>
			<string>mo-gfx.mm</string>
			<key>sourceTree</key>
			<string>&lt;group&gt;</string>
		</dict>
		<key>B9800ECF1A8451360022ECC2</key>
		<dict>
			<key>fileEncoding</key>
			<string>4</string>
			<key>isa</key>
			<string>PBXFileReference</string>
			<key>lastKnownFileType</key>
			<string>sourcecode.cpp.cpp</string>
			<key>path</key>
			<string>mo-glut.cpp</string>
			<key>sourceTree</key>
			<string>&lt;group&gt;</string>
		</dict>
		<key>B9800ED01A8451360022ECC2</key>
		<dict>
			<key>fileEncoding</key>
			<string>4</string>
			<key>isa</key>
			<string>PBXFileReference</string>
			<key>lastKnownFileType</key>
			<string>sourcecode.c.h</string>
			<key>path</key>
			<string>mo-glut.h</string>
			<key>sourceTree</key>
			<string>&lt;group&gt;</string>
		</dict>
		<key>B9800ED11A8451360022ECC2</key>
		<dict>
			<key>fileEncoding</key>
			<string>4</string>
			<key>isa</key>
			<string>PBXFileReference</string>
			<key>lastKnownFileType</key>
			<string>sourcecode.c.h</string>
			<key>path</key>
			<string>mo-thread.h</string>
			<key>sourceTree</key>
			<string>&lt;group&gt;</string>
		</dict>
		<key>B9800ED21A8451360022ECC2</key>
		<dict>
			<key>fileEncoding</key>
			<string>4</string>
			<key>isa</key>
			<string>PBXFileReference</string>
			<key>lastKnownFileType</key>
			<string>sourcecode.cpp.objcpp</string>
			<key>path</key>
			<string>mo-thread.mm</string>
			<key>sourceTree</key>
			<string>&lt;group&gt;</string>
		</dict>
		<key>B9800ED31A8451360022ECC2</key>
		<dict>
			<key>fileEncoding</key>
			<string>4</string>
			<key>isa</key>
			<string>PBXFileReference</string>
			<key>lastKnownFileType</key>
			<string>sourcecode.c.h</string>
			<key>path</key>
			<string>mo-touch.h</string>
			<key>sourceTree</key>
			<string>&lt;group&gt;</string>
		</dict>
		<key>B9800ED41A8451360022ECC2</key>
		<dict>
			<key>fileEncoding</key>
			<string>4</string>
			<key>isa</key>
			<string>PBXFileReference</string>
			<key>lastKnownFileType</key>
			<string>sourcecode.cpp.objcpp</string>
			<key>path</key>
			<string>mo-touch.mm</string>
			<key>sourceTree</key>
			<string>&lt;group&gt;</string>
		</dict>
		<key>B9800EDF1A8451360022ECC2</key>
		<dict>
			<key>children</key>
			<array>
				<string>B9800EE01A8451360022ECC2</string>
				<string>B9800EE11A8451360022ECC2</string>
				<string>B9800EE21A8451360022ECC2</string>
				<string>B9800EE31A8451360022ECC2</string>
				<string>B9800EE41A8451360022ECC2</string>
				<string>B9800EE51A8451360022ECC2</string>
				<string>B9800EE61A8451360022ECC2</string>
				<string>B9800EE71A8451360022ECC2</string>
				<string>B9800EE81A8451360022ECC2</string>
				<string>B9800EE91A8451360022ECC2</string>
				<string>B9800EEA1A8451360022ECC2</string>
				<string>B9800EEB1A8451360022ECC2</string>
				<string>B9800EEC1A8451360022ECC2</string>
				<string>B9800EED1A8451360022ECC2</string>
			</array>
			<key>isa</key>
			<string>PBXGroup</string>
			<key>path</key>
			<string>y-api</string>
			<key>sourceTree</key>
			<string>&lt;group&gt;</string>
		</dict>
		<key>B9800EE01A8451360022ECC2</key>
		<dict>
			<key>fileEncoding</key>
			<string>4</string>
			<key>isa</key>
			<string>PBXFileReference</string>
			<key>lastKnownFileType</key>
			<string>sourcecode.c.h</string>
			<key>path</key>
			<string>y-charting.h</string>
			<key>sourceTree</key>
			<string>&lt;group&gt;</string>
		</dict>
		<key>B9800EE11A8451360022ECC2</key>
		<dict>
			<key>fileEncoding</key>
			<string>4</string>
			<key>isa</key>
			<string>PBXFileReference</string>
			<key>lastKnownFileType</key>
			<string>sourcecode.cpp.objcpp</string>
			<key>path</key>
			<string>y-charting.mm</string>
			<key>sourceTree</key>
			<string>&lt;group&gt;</string>
		</dict>
		<key>B9800EE21A8451360022ECC2</key>
		<dict>
			<key>fileEncoding</key>
			<string>4</string>
			<key>isa</key>
			<string>PBXFileReference</string>
			<key>lastKnownFileType</key>
			<string>sourcecode.c.h</string>
			<key>path</key>
			<string>y-echo.h</string>
			<key>sourceTree</key>
			<string>&lt;group&gt;</string>
		</dict>
		<key>B9800EE31A8451360022ECC2</key>
		<dict>
			<key>fileEncoding</key>
			<string>4</string>
			<key>isa</key>
			<string>PBXFileReference</string>
			<key>lastKnownFileType</key>
			<string>sourcecode.cpp.objcpp</string>
			<key>path</key>
			<string>y-echo.mm</string>
			<key>sourceTree</key>
			<string>&lt;group&gt;</string>
		</dict>
		<key>B9800EE41A8451360022ECC2</key>
		<dict>
			<key>fileEncoding</key>
			<string>4</string>
			<key>isa</key>
			<string>PBXFileReference</string>
			<key>lastKnownFileType</key>
			<string>sourcecode.c.h</string>
			<key>path</key>
			<string>y-entity.h</string>
			<key>sourceTree</key>
			<string>&lt;group&gt;</string>
		</dict>
		<key>B9800EE51A8451360022ECC2</key>
		<dict>
			<key>fileEncoding</key>
			<string>4</string>
			<key>isa</key>
			<string>PBXFileReference</string>
			<key>lastKnownFileType</key>
			<string>sourcecode.cpp.objcpp</string>
			<key>path</key>
			<string>y-entity.mm</string>
			<key>sourceTree</key>
			<string>&lt;group&gt;</string>
		</dict>
		<key>B9800EE61A8451360022ECC2</key>
		<dict>
			<key>fileEncoding</key>
			<string>4</string>
			<key>isa</key>
			<string>PBXFileReference</string>
			<key>lastKnownFileType</key>
			<string>sourcecode.c.h</string>
			<key>path</key>
			<string>y-fft.h</string>
			<key>sourceTree</key>
			<string>&lt;group&gt;</string>
		</dict>
		<key>B9800EE71A8451360022ECC2</key>
		<dict>
			<key>fileEncoding</key>
			<string>4</string>
			<key>isa</key>
			<string>PBXFileReference</string>
			<key>lastKnownFileType</key>
			<string>sourcecode.cpp.objcpp</string>
			<key>path</key>
			<string>y-fft.mm</string>
			<key>sourceTree</key>
			<string>&lt;group&gt;</string>
		</dict>
		<key>B9800EE81A8451360022ECC2</key>
		<dict>
			<key>fileEncoding</key>
			<string>4</string>
			<key>isa</key>
			<string>PBXFileReference</string>
			<key>lastKnownFileType</key>
			<string>sourcecode.c.h</string>
			<key>path</key>
			<string>y-particle.h</string>
			<key>sourceTree</key>
			<string>&lt;group&gt;</string>
		</dict>
		<key>B9800EE91A8451360022ECC2</key>
		<dict>
			<key>fileEncoding</key>
			<string>4</string>
			<key>isa</key>
			<string>PBXFileReference</string>
			<key>lastKnownFileType</key>
			<string>sourcecode.cpp.objcpp</string>
			<key>path</key>
			<string>y-particle.mm</string>
			<key>sourceTree</key>
			<string>&lt;group&gt;</string>
		</dict>
		<key>B9800EEA1A8451360022ECC2</key>
		<dict>
			<key>fileEncoding</key>
			<string>4</string>
			<key>isa</key>
			<string>PBXFileReference</string>
			<key>lastKnownFileType</key>
			<string>sourcecode.c.h</string>
			<key>path</key>
			<string>y-score-reader.h</string>
			<key>sourceTree</key>
			<string>&lt;group&gt;</string>
		</dict>
		<key>B9800EEB1A8451360022ECC2</key>
		<dict>
			<key>fileEncoding</key>
			<string>4</string>
			<key>isa</key>
			<string>PBXFileReference</string>
			<key>lastKnownFileType</key>
			<string>sourcecode.cpp.objcpp</string>
			<key>path</key>
			<string>y-score-reader.mm</string>
			<key>sourceTree</key>
			<string>&lt;group&gt;</string>
		</dict>
		<key>B9800EEC1A8451360022ECC2</key>
		<dict>
			<key>fileEncoding</key>
			<string>4</string>
			<key>isa</key>
			<string>PBXFileReference</string>
			<key>lastKnownFileType</key>
			<string>sourcecode.cpp.cpp</string>
			<key>path</key>
			<string>y-waveform.cpp</string>
			<key>sourceTree</key>
			<string>&lt;group&gt;</string>
		</dict>
		<key>B9800EED1A8451360022ECC2</key>
		<dict>
			<key>fileEncoding</key>
			<string>4</string>
			<key>isa</key>
			<string>PBXFileReference</string>
			<key>lastKnownFileType</key>
			<string>sourcecode.c.h</string>
			<key>path</key>
			<string>y-waveform.h</string>
			<key>sourceTree</key>
			<string>&lt;group&gt;</string>
		</dict>
		<key>B9800EEE1A8451360022ECC2</key>
		<dict>
			<key>fileRef</key>
			<string>B9800EC51A8451360022ECC2</string>
			<key>isa</key>
			<string>PBXBuildFile</string>
		</dict>
		<key>B9800EEF1A8451360022ECC2</key>
		<dict>
			<key>fileRef</key>
			<string>B9800EC71A8451360022ECC2</string>
			<key>isa</key>
			<string>PBXBuildFile</string>
		</dict>
		<key>B9800EF01A8451360022ECC2</key>
		<dict>
			<key>fileRef</key>
			<string>B9800ECA1A8451360022ECC2</string>
			<key>isa</key>
			<string>PBXBuildFile</string>
		</dict>
		<key>B9800EF11A8451360022ECC2</key>
		<dict>
			<key>fileRef</key>
			<string>B9800ECB1A8451360022ECC2</string>
			<key>isa</key>
			<string>PBXBuildFile</string>
		</dict>
		<key>B9800EF21A8451360022ECC2</key>
		<dict>
			<key>fileRef</key>
			<string>B9800ECE1A8451360022ECC2</string>
			<key>isa</key>
			<string>PBXBuildFile</string>
		</dict>
		<key>B9800EF31A8451360022ECC2</key>
		<dict>
			<key>fileRef</key>
			<string>B9800ECF1A8451360022ECC2</string>
			<key>isa</key>
			<string>PBXBuildFile</string>
		</dict>
		<key>B9800EF41A8451360022ECC2</key>
		<dict>
			<key>fileRef</key>
			<string>B9800ED21A8451360022ECC2</string>
			<key>isa</key>
			<string>PBXBuildFile</string>
		</dict>
		<key>B9800EF51A8451360022ECC2</key>
		<dict>
			<key>fileRef</key>
			<string>B9800ED41A8451360022ECC2</string>
			<key>isa</key>
			<string>PBXBuildFile</string>
		</dict>
		<key>B9800EFA1A8451360022ECC2</key>
		<dict>
			<key>fileRef</key>
			<string>B9800EE11A8451360022ECC2</string>
			<key>isa</key>
			<string>PBXBuildFile</string>
		</dict>
		<key>B9800EFB1A8451360022ECC2</key>
		<dict>
			<key>fileRef</key>
			<string>B9800EE31A8451360022ECC2</string>
			<key>isa</key>
			<string>PBXBuildFile</string>
		</dict>
		<key>B9800EFC1A8451360022ECC2</key>
		<dict>
			<key>fileRef</key>
			<string>B9800EE51A8451360022ECC2</string>
			<key>isa</key>
			<string>PBXBuildFile</string>
		</dict>
		<key>B9800EFE1A8451360022ECC2</key>
		<dict>
			<key>fileRef</key>
			<string>B9800EE91A8451360022ECC2</string>
			<key>isa</key>
			<string>PBXBuildFile</string>
		</dict>
		<key>B9800EFF1A8451360022ECC2</key>
		<dict>
			<key>fileRef</key>
			<string>B9800EEB1A8451360022ECC2</string>
			<key>isa</key>
			<string>PBXBuildFile</string>
		</dict>
		<key>B9800F001A8451360022ECC2</key>
		<dict>
			<key>fileRef</key>
			<string>B9800EEC1A8451360022ECC2</string>
			<key>isa</key>
			<string>PBXBuildFile</string>
		</dict>
		<key>B9800F011A84563D0022ECC2</key>
		<dict>
			<key>isa</key>
			<string>PBXFileReference</string>
			<key>lastKnownFileType</key>
			<string>wrapper.framework</string>
			<key>name</key>
			<string>AudioToolbox.framework</string>
			<key>path</key>
			<string>System/Library/Frameworks/AudioToolbox.framework</string>
			<key>sourceTree</key>
			<string>SDKROOT</string>
		</dict>
		<key>B9800F031A84566B0022ECC2</key>
		<dict>
			<key>fileRef</key>
			<string>B9800F011A84563D0022ECC2</string>
			<key>isa</key>
			<string>PBXBuildFile</string>
		</dict>
		<key>B9800F041A8578500022ECC2</key>
		<dict>
			<key>children</key>
			<array>
				<string>B99168A01A86D49F007B0949</string>
				<string>B9800F051A8578500022ECC2</string>
				<string>B9800F061A8578500022ECC2</string>
				<string>B9800F071A8578500022ECC2</string>
				<string>B9800F081A8578500022ECC2</string>
				<string>B9800F091A8578500022ECC2</string>
				<string>B9800F0A1A8578500022ECC2</string>
				<string>B9800F0B1A8578500022ECC2</string>
				<string>B9800F0C1A8578500022ECC2</string>
				<string>B9800F0D1A8578500022ECC2</string>
				<string>B9800F0E1A8578500022ECC2</string>
			</array>
			<key>isa</key>
			<string>PBXGroup</string>
			<key>path</key>
			<string>midi</string>
			<key>sourceTree</key>
			<string>&lt;group&gt;</string>
		</dict>
		<key>B9800F051A8578500022ECC2</key>
		<dict>
			<key>isa</key>
			<string>PBXFileReference</string>
			<key>lastKnownFileType</key>
			<string>audio.midi</string>
			<key>path</key>
			<string>adele-rolling_in_the_deep.mid</string>
			<key>sourceTree</key>
			<string>&lt;group&gt;</string>
		</dict>
		<key>B9800F061A8578500022ECC2</key>
		<dict>
			<key>isa</key>
			<string>PBXFileReference</string>
			<key>lastKnownFileType</key>
			<string>audio.midi</string>
			<key>path</key>
			<string>ariana_grande-problem_ft_iggy_azalea.mid</string>
			<key>sourceTree</key>
			<string>&lt;group&gt;</string>
		</dict>
		<key>B9800F071A8578500022ECC2</key>
		<dict>
			<key>isa</key>
			<string>PBXFileReference</string>
			<key>lastKnownFileType</key>
			<string>audio.midi</string>
			<key>path</key>
			<string>david_guetta_ft_sia-titanium.mid</string>
			<key>sourceTree</key>
			<string>&lt;group&gt;</string>
		</dict>
		<key>B9800F081A8578500022ECC2</key>
		<dict>
			<key>isa</key>
			<string>PBXFileReference</string>
			<key>lastKnownFileType</key>
			<string>audio.midi</string>
			<key>path</key>
			<string>idina_menzel-let_it_go.mid</string>
			<key>sourceTree</key>
			<string>&lt;group&gt;</string>
		</dict>
		<key>B9800F091A8578500022ECC2</key>
		<dict>
			<key>isa</key>
			<string>PBXFileReference</string>
			<key>lastKnownFileType</key>
			<string>audio.midi</string>
			<key>path</key>
			<string>katy_perry-firework.mid</string>
			<key>sourceTree</key>
			<string>&lt;group&gt;</string>
		</dict>
		<key>B9800F0A1A8578500022ECC2</key>
		<dict>
			<key>isa</key>
			<string>PBXFileReference</string>
			<key>lastKnownFileType</key>
			<string>audio.midi</string>
			<key>path</key>
			<string>katy_perry-roar.mid</string>
			<key>sourceTree</key>
			<string>&lt;group&gt;</string>
		</dict>
		<key>B9800F0B1A8578500022ECC2</key>
		<dict>
			<key>isa</key>
			<string>PBXFileReference</string>
			<key>lastKnownFileType</key>
			<string>audio.midi</string>
			<key>path</key>
			<string>meghan_trainor-all_about_that_bass.mid</string>
			<key>sourceTree</key>
			<string>&lt;group&gt;</string>
		</dict>
		<key>B9800F0C1A8578500022ECC2</key>
		<dict>
			<key>isa</key>
			<string>PBXFileReference</string>
			<key>lastKnownFileType</key>
			<string>audio.midi</string>
			<key>path</key>
			<string>sam_smith-im_not_the_only_one.mid</string>
			<key>sourceTree</key>
			<string>&lt;group&gt;</string>
		</dict>
		<key>B9800F0D1A8578500022ECC2</key>
		<dict>
			<key>isa</key>
			<string>PBXFileReference</string>
			<key>lastKnownFileType</key>
			<string>audio.midi</string>
			<key>path</key>
			<string>sam_smith-stay_with_me.mid</string>
			<key>sourceTree</key>
			<string>&lt;group&gt;</string>
		</dict>
		<key>B9800F0E1A8578500022ECC2</key>
		<dict>
			<key>isa</key>
			<string>PBXFileReference</string>
			<key>lastKnownFileType</key>
			<string>audio.midi</string>
			<key>path</key>
			<string>taylor_swift-shake_it_off.mid</string>
			<key>sourceTree</key>
			<string>&lt;group&gt;</string>
		</dict>
		<key>B9800F0F1A8578500022ECC2</key>
		<dict>
			<key>fileRef</key>
			<string>B9800F051A8578500022ECC2</string>
			<key>isa</key>
			<string>PBXBuildFile</string>
		</dict>
		<key>B9800F101A8578500022ECC2</key>
		<dict>
			<key>fileRef</key>
			<string>B9800F061A8578500022ECC2</string>
			<key>isa</key>
			<string>PBXBuildFile</string>
		</dict>
		<key>B9800F111A8578500022ECC2</key>
		<dict>
			<key>fileRef</key>
			<string>B9800F071A8578500022ECC2</string>
			<key>isa</key>
			<string>PBXBuildFile</string>
		</dict>
		<key>B9800F121A8578500022ECC2</key>
		<dict>
			<key>fileRef</key>
			<string>B9800F081A8578500022ECC2</string>
			<key>isa</key>
			<string>PBXBuildFile</string>
		</dict>
		<key>B9800F131A8578500022ECC2</key>
		<dict>
			<key>fileRef</key>
			<string>B9800F091A8578500022ECC2</string>
			<key>isa</key>
			<string>PBXBuildFile</string>
		</dict>
		<key>B9800F141A8578500022ECC2</key>
		<dict>
			<key>fileRef</key>
			<string>B9800F0A1A8578500022ECC2</string>
			<key>isa</key>
			<string>PBXBuildFile</string>
		</dict>
		<key>B9800F151A8578500022ECC2</key>
		<dict>
			<key>fileRef</key>
			<string>B9800F0B1A8578500022ECC2</string>
			<key>isa</key>
			<string>PBXBuildFile</string>
		</dict>
		<key>B9800F161A8578500022ECC2</key>
		<dict>
			<key>fileRef</key>
			<string>B9800F0C1A8578500022ECC2</string>
			<key>isa</key>
			<string>PBXBuildFile</string>
		</dict>
		<key>B9800F171A8578500022ECC2</key>
		<dict>
			<key>fileRef</key>
			<string>B9800F0D1A8578500022ECC2</string>
			<key>isa</key>
			<string>PBXBuildFile</string>
		</dict>
		<key>B9800F181A8578500022ECC2</key>
		<dict>
			<key>fileRef</key>
			<string>B9800F0E1A8578500022ECC2</string>
			<key>isa</key>
			<string>PBXBuildFile</string>
		</dict>
		<key>B99168921A86D155007B0949</key>
		<dict>
			<key>children</key>
			<array>
				<string>B99168931A86D155007B0949</string>
				<string>B99168941A86D155007B0949</string>
				<string>B99168951A86D155007B0949</string>
				<string>B99168961A86D155007B0949</string>
				<string>B99168971A86D155007B0949</string>
				<string>B99168981A86D155007B0949</string>
				<string>B99168991A86D155007B0949</string>
				<string>B991689A1A86D155007B0949</string>
				<string>B991689B1A86D155007B0949</string>
			</array>
			<key>isa</key>
			<string>PBXGroup</string>
			<key>path</key>
			<string>stk</string>
			<key>sourceTree</key>
			<string>&lt;group&gt;</string>
		</dict>
		<key>B99168931A86D155007B0949</key>
		<dict>
			<key>fileEncoding</key>
			<string>4</string>
			<key>isa</key>
			<string>PBXFileReference</string>
			<key>lastKnownFileType</key>
			<string>sourcecode.cpp.cpp</string>
			<key>path</key>
			<string>Delay.cpp</string>
			<key>sourceTree</key>
			<string>&lt;group&gt;</string>
		</dict>
		<key>B99168941A86D155007B0949</key>
		<dict>
			<key>fileEncoding</key>
			<string>4</string>
			<key>isa</key>
			<string>PBXFileReference</string>
			<key>lastKnownFileType</key>
			<string>sourcecode.c.h</string>
			<key>path</key>
			<string>Delay.h</string>
			<key>sourceTree</key>
			<string>&lt;group&gt;</string>
		</dict>
		<key>B99168951A86D155007B0949</key>
		<dict>
			<key>fileEncoding</key>
			<string>4</string>
			<key>isa</key>
			<string>PBXFileReference</string>
			<key>lastKnownFileType</key>
			<string>sourcecode.cpp.cpp</string>
			<key>path</key>
			<string>DelayL.cpp</string>
			<key>sourceTree</key>
			<string>&lt;group&gt;</string>
		</dict>
		<key>B99168961A86D155007B0949</key>
		<dict>
			<key>fileEncoding</key>
			<string>4</string>
			<key>isa</key>
			<string>PBXFileReference</string>
			<key>lastKnownFileType</key>
			<string>sourcecode.c.h</string>
			<key>path</key>
			<string>DelayL.h</string>
			<key>sourceTree</key>
			<string>&lt;group&gt;</string>
		</dict>
		<key>B99168971A86D155007B0949</key>
		<dict>
			<key>fileEncoding</key>
			<string>4</string>
			<key>isa</key>
			<string>PBXFileReference</string>
			<key>lastKnownFileType</key>
			<string>sourcecode.c.h</string>
			<key>path</key>
			<string>Filter.h</string>
			<key>sourceTree</key>
			<string>&lt;group&gt;</string>
		</dict>
		<key>B99168981A86D155007B0949</key>
		<dict>
			<key>fileEncoding</key>
			<string>4</string>
			<key>isa</key>
			<string>PBXFileReference</string>
			<key>lastKnownFileType</key>
			<string>sourcecode.cpp.cpp</string>
			<key>path</key>
			<string>MidiFileIn.cpp</string>
			<key>sourceTree</key>
			<string>&lt;group&gt;</string>
		</dict>
		<key>B99168991A86D155007B0949</key>
		<dict>
			<key>fileEncoding</key>
			<string>4</string>
			<key>isa</key>
			<string>PBXFileReference</string>
			<key>lastKnownFileType</key>
			<string>sourcecode.c.h</string>
			<key>path</key>
			<string>MidiFileIn.h</string>
			<key>sourceTree</key>
			<string>&lt;group&gt;</string>
		</dict>
		<key>B991689A1A86D155007B0949</key>
		<dict>
			<key>fileEncoding</key>
			<string>4</string>
			<key>isa</key>
			<string>PBXFileReference</string>
			<key>lastKnownFileType</key>
			<string>sourcecode.cpp.cpp</string>
			<key>path</key>
			<string>Stk.cpp</string>
			<key>sourceTree</key>
			<string>&lt;group&gt;</string>
		</dict>
		<key>B991689B1A86D155007B0949</key>
		<dict>
			<key>fileEncoding</key>
			<string>4</string>
			<key>isa</key>
			<string>PBXFileReference</string>
			<key>lastKnownFileType</key>
			<string>sourcecode.c.h</string>
			<key>path</key>
			<string>Stk.h</string>
			<key>sourceTree</key>
			<string>&lt;group&gt;</string>
		</dict>
		<key>B991689C1A86D155007B0949</key>
		<dict>
			<key>fileRef</key>
			<string>B99168931A86D155007B0949</string>
			<key>isa</key>
			<string>PBXBuildFile</string>
		</dict>
		<key>B991689D1A86D155007B0949</key>
		<dict>
			<key>fileRef</key>
			<string>B99168951A86D155007B0949</string>
			<key>isa</key>
			<string>PBXBuildFile</string>
		</dict>
		<key>B991689E1A86D155007B0949</key>
		<dict>
			<key>fileRef</key>
			<string>B99168981A86D155007B0949</string>
			<key>isa</key>
			<string>PBXBuildFile</string>
		</dict>
		<key>B991689F1A86D155007B0949</key>
		<dict>
			<key>fileRef</key>
			<string>B991689A1A86D155007B0949</string>
			<key>isa</key>
			<string>PBXBuildFile</string>
		</dict>
		<key>B99168A01A86D49F007B0949</key>
		<dict>
			<key>isa</key>
			<string>PBXFileReference</string>
			<key>lastKnownFileType</key>
			<string>audio.midi</string>
			<key>path</key>
			<string>watchtower.mid</string>
			<key>sourceTree</key>
			<string>&lt;group&gt;</string>
		</dict>
		<key>B99168A11A86D49F007B0949</key>
		<dict>
			<key>fileRef</key>
			<string>B99168A01A86D49F007B0949</string>
			<key>isa</key>
			<string>PBXBuildFile</string>
		</dict>
		<key>B99168A21A86DE5A007B0949</key>
		<dict>
			<key>isa</key>
			<string>PBXFileReference</string>
			<key>lastKnownFileType</key>
			<string>wrapper.framework</string>
			<key>name</key>
			<string>AVFoundation.framework</string>
			<key>path</key>
			<string>System/Library/Frameworks/AVFoundation.framework</string>
			<key>sourceTree</key>
			<string>SDKROOT</string>
		</dict>
		<key>B99168A31A86DE5A007B0949</key>
		<dict>
			<key>fileRef</key>
			<string>B99168A21A86DE5A007B0949</string>
			<key>isa</key>
			<string>PBXBuildFile</string>
		</dict>
		<key>B99168A41A86DEEC007B0949</key>
		<dict>
			<key>children</key>
			<array>
				<string>B99168AB1A86E585007B0949</string>
				<string>B99168A61A86DF50007B0949</string>
				<string>B99168A71A86DF50007B0949</string>
				<string>B99168A51A86DEFF007B0949</string>
			</array>
			<key>isa</key>
			<string>PBXGroup</string>
			<key>path</key>
			<string>sf2</string>
			<key>sourceTree</key>
			<string>&lt;group&gt;</string>
		</dict>
		<key>B99168A51A86DEFF007B0949</key>
		<dict>
			<key>isa</key>
			<string>PBXFileReference</string>
			<key>lastKnownFileType</key>
			<string>file</string>
			<key>path</key>
			<string>Gort.SF2</string>
			<key>sourceTree</key>
			<string>&lt;group&gt;</string>
		</dict>
		<key>B99168A61A86DF50007B0949</key>
		<dict>
			<key>isa</key>
			<string>PBXFileReference</string>
			<key>lastKnownFileType</key>
			<string>file</string>
			<key>path</key>
			<string>FluidR3 GM.sfArk</string>
			<key>sourceTree</key>
			<string>&lt;group&gt;</string>
		</dict>
		<key>B99168A71A86DF50007B0949</key>
		<dict>
			<key>isa</key>
			<string>PBXFileReference</string>
			<key>lastKnownFileType</key>
			<string>file</string>
			<key>path</key>
			<string>FluidR3 GS.sfArk</string>
			<key>sourceTree</key>
			<string>&lt;group&gt;</string>
		</dict>
		<key>B99168A81A86E2B1007B0949</key>
		<dict>
			<key>fileRef</key>
			<string>B99168A61A86DF50007B0949</string>
			<key>isa</key>
			<string>PBXBuildFile</string>
		</dict>
		<key>B99168A91A86E2B1007B0949</key>
		<dict>
			<key>fileRef</key>
			<string>B99168A71A86DF50007B0949</string>
			<key>isa</key>
			<string>PBXBuildFile</string>
		</dict>
		<key>B99168AA1A86E2B1007B0949</key>
		<dict>
			<key>fileRef</key>
			<string>B99168A51A86DEFF007B0949</string>
			<key>isa</key>
			<string>PBXBuildFile</string>
		</dict>
		<key>B99168AB1A86E585007B0949</key>
		<dict>
			<key>isa</key>
			<string>PBXFileReference</string>
			<key>lastKnownFileType</key>
			<string>file</string>
			<key>path</key>
			<string>Gorts_Filters.SF2</string>
			<key>sourceTree</key>
			<string>&lt;group&gt;</string>
		</dict>
		<key>B99168AC1A86E592007B0949</key>
		<dict>
			<key>fileRef</key>
			<string>B99168AB1A86E585007B0949</string>
			<key>isa</key>
			<string>PBXBuildFile</string>
		</dict>
		<key>B99168AD1A86F49F007B0949</key>
		<dict>
			<key>children</key>
			<array>
				<string>B99168CF1A86F721007B0949</string>
				<string>B99168CE1A86F6B1007B0949</string>
				<string>B99168CD1A86F6AD007B0949</string>
				<string>B99168AE1A86F49F007B0949</string>
				<string>B99168B01A86F49F007B0949</string>
				<string>B99168B21A86F49F007B0949</string>
				<string>B99168B41A86F49F007B0949</string>
				<string>B99168B61A86F49F007B0949</string>
				<string>B99168B81A86F49F007B0949</string>
				<string>B99168BA1A86F49F007B0949</string>
				<string>B99168BB1A86F49F007B0949</string>
			</array>
			<key>isa</key>
			<string>PBXGroup</string>
			<key>path</key>
			<string>bass24-ios</string>
			<key>sourceTree</key>
			<string>&lt;group&gt;</string>
		</dict>
		<key>B99168AE1A86F49F007B0949</key>
		<dict>
			<key>children</key>
			<array>
				<string>B99168AF1A86F49F007B0949</string>
			</array>
			<key>isa</key>
			<string>PBXGroup</string>
			<key>path</key>
			<string>bassenc</string>
			<key>sourceTree</key>
			<string>&lt;group&gt;</string>
		</dict>
		<key>B99168AF1A86F49F007B0949</key>
		<dict>
			<key>isa</key>
			<string>PBXFileReference</string>
			<key>lastKnownFileType</key>
			<string>archive.ar</string>
			<key>path</key>
			<string>libbassenc.a</string>
			<key>sourceTree</key>
			<string>&lt;group&gt;</string>
		</dict>
		<key>B99168B01A86F49F007B0949</key>
		<dict>
			<key>children</key>
			<array>
				<string>B99168B11A86F49F007B0949</string>
			</array>
			<key>isa</key>
			<string>PBXGroup</string>
			<key>path</key>
			<string>bassflac</string>
			<key>sourceTree</key>
			<string>&lt;group&gt;</string>
		</dict>
		<key>B99168B11A86F49F007B0949</key>
		<dict>
			<key>isa</key>
			<string>PBXFileReference</string>
			<key>lastKnownFileType</key>
			<string>archive.ar</string>
			<key>path</key>
			<string>libbassflac.a</string>
			<key>sourceTree</key>
			<string>&lt;group&gt;</string>
		</dict>
		<key>B99168B21A86F49F007B0949</key>
		<dict>
			<key>children</key>
			<array>
				<string>B99168B31A86F49F007B0949</string>
			</array>
			<key>isa</key>
			<string>PBXGroup</string>
			<key>path</key>
			<string>bassmidi</string>
			<key>sourceTree</key>
			<string>&lt;group&gt;</string>
		</dict>
		<key>B99168B31A86F49F007B0949</key>
		<dict>
			<key>isa</key>
			<string>PBXFileReference</string>
			<key>lastKnownFileType</key>
			<string>archive.ar</string>
			<key>path</key>
			<string>libbassmidi.a</string>
			<key>sourceTree</key>
			<string>&lt;group&gt;</string>
		</dict>
		<key>B99168B41A86F49F007B0949</key>
		<dict>
			<key>children</key>
			<array>
				<string>B99168B51A86F49F007B0949</string>
			</array>
			<key>isa</key>
			<string>PBXGroup</string>
			<key>path</key>
			<string>bassmix</string>
			<key>sourceTree</key>
			<string>&lt;group&gt;</string>
		</dict>
		<key>B99168B51A86F49F007B0949</key>
		<dict>
			<key>isa</key>
			<string>PBXFileReference</string>
			<key>lastKnownFileType</key>
			<string>archive.ar</string>
			<key>path</key>
			<string>libbassmix.a</string>
			<key>sourceTree</key>
			<string>&lt;group&gt;</string>
		</dict>
		<key>B99168B61A86F49F007B0949</key>
		<dict>
			<key>children</key>
			<array>
				<string>B99168B71A86F49F007B0949</string>
			</array>
			<key>isa</key>
			<string>PBXGroup</string>
			<key>path</key>
			<string>bassopus</string>
			<key>sourceTree</key>
			<string>&lt;group&gt;</string>
		</dict>
		<key>B99168B71A86F49F007B0949</key>
		<dict>
			<key>isa</key>
			<string>PBXFileReference</string>
			<key>lastKnownFileType</key>
			<string>archive.ar</string>
			<key>path</key>
			<string>libbassopus.a</string>
			<key>sourceTree</key>
			<string>&lt;group&gt;</string>
		</dict>
		<key>B99168B81A86F49F007B0949</key>
		<dict>
			<key>children</key>
			<array>
				<string>B99168B91A86F49F007B0949</string>
			</array>
			<key>isa</key>
			<string>PBXGroup</string>
			<key>path</key>
			<string>basswv</string>
			<key>sourceTree</key>
			<string>&lt;group&gt;</string>
		</dict>
		<key>B99168B91A86F49F007B0949</key>
		<dict>
			<key>isa</key>
			<string>PBXFileReference</string>
			<key>lastKnownFileType</key>
			<string>archive.ar</string>
			<key>path</key>
			<string>libbasswv.a</string>
			<key>sourceTree</key>
			<string>&lt;group&gt;</string>
		</dict>
		<key>B99168BA1A86F49F007B0949</key>
		<dict>
			<key>isa</key>
			<string>PBXFileReference</string>
			<key>lastKnownFileType</key>
			<string>archive.ar</string>
			<key>path</key>
			<string>libbass.a</string>
			<key>sourceTree</key>
			<string>&lt;group&gt;</string>
		</dict>
		<key>B99168BB1A86F49F007B0949</key>
		<dict>
			<key>children</key>
			<array>
				<string>B99168BC1A86F49F007B0949</string>
			</array>
			<key>isa</key>
			<string>PBXGroup</string>
			<key>path</key>
			<string>mp3-free</string>
			<key>sourceTree</key>
			<string>&lt;group&gt;</string>
		</dict>
		<key>B99168BC1A86F49F007B0949</key>
		<dict>
			<key>isa</key>
			<string>PBXFileReference</string>
			<key>lastKnownFileType</key>
			<string>archive.ar</string>
			<key>path</key>
			<string>libbass.a</string>
			<key>sourceTree</key>
			<string>&lt;group&gt;</string>
		</dict>
		<key>B99168BD1A86F49F007B0949</key>
		<dict>
			<key>fileRef</key>
			<string>B99168AF1A86F49F007B0949</string>
			<key>isa</key>
			<string>PBXBuildFile</string>
		</dict>
		<key>B99168BE1A86F49F007B0949</key>
		<dict>
			<key>fileRef</key>
			<string>B99168B11A86F49F007B0949</string>
			<key>isa</key>
			<string>PBXBuildFile</string>
		</dict>
		<key>B99168BF1A86F49F007B0949</key>
		<dict>
			<key>fileRef</key>
			<string>B99168B31A86F49F007B0949</string>
			<key>isa</key>
			<string>PBXBuildFile</string>
		</dict>
		<key>B99168C01A86F49F007B0949</key>
		<dict>
			<key>fileRef</key>
			<string>B99168B51A86F49F007B0949</string>
			<key>isa</key>
			<string>PBXBuildFile</string>
		</dict>
		<key>B99168C11A86F49F007B0949</key>
		<dict>
			<key>fileRef</key>
			<string>B99168B71A86F49F007B0949</string>
			<key>isa</key>
			<string>PBXBuildFile</string>
		</dict>
		<key>B99168C21A86F49F007B0949</key>
		<dict>
			<key>fileRef</key>
			<string>B99168B91A86F49F007B0949</string>
			<key>isa</key>
			<string>PBXBuildFile</string>
		</dict>
		<key>B99168C31A86F49F007B0949</key>
		<dict>
			<key>fileRef</key>
			<string>B99168BA1A86F49F007B0949</string>
			<key>isa</key>
			<string>PBXBuildFile</string>
		</dict>
		<key>B99168C41A86F49F007B0949</key>
		<dict>
			<key>fileRef</key>
			<string>B99168BC1A86F49F007B0949</string>
			<key>isa</key>
			<string>PBXBuildFile</string>
		</dict>
		<key>B99168C51A86F4BA007B0949</key>
		<dict>
			<key>isa</key>
			<string>PBXFileReference</string>
			<key>lastKnownFileType</key>
			<string>wrapper.framework</string>
			<key>name</key>
			<string>Accelerate.framework</string>
			<key>path</key>
			<string>System/Library/Frameworks/Accelerate.framework</string>
			<key>sourceTree</key>
			<string>SDKROOT</string>
		</dict>
		<key>B99168C61A86F4BA007B0949</key>
		<dict>
			<key>fileRef</key>
			<string>B99168C51A86F4BA007B0949</string>
			<key>isa</key>
			<string>PBXBuildFile</string>
		</dict>
		<key>B99168C71A86F4C7007B0949</key>
		<dict>
			<key>isa</key>
			<string>PBXFileReference</string>
			<key>lastKnownFileType</key>
			<string>wrapper.framework</string>
			<key>name</key>
			<string>CoreMIDI.framework</string>
			<key>path</key>
			<string>System/Library/Frameworks/CoreMIDI.framework</string>
			<key>sourceTree</key>
			<string>SDKROOT</string>
		</dict>
		<key>B99168C81A86F4C7007B0949</key>
		<dict>
			<key>fileRef</key>
			<string>B99168C71A86F4C7007B0949</string>
			<key>isa</key>
			<string>PBXBuildFile</string>
		</dict>
		<key>B99168C91A86F4CD007B0949</key>
		<dict>
			<key>isa</key>
			<string>PBXFileReference</string>
			<key>lastKnownFileType</key>
			<string>wrapper.framework</string>
			<key>name</key>
			<string>SystemConfiguration.framework</string>
			<key>path</key>
			<string>System/Library/Frameworks/SystemConfiguration.framework</string>
			<key>sourceTree</key>
			<string>SDKROOT</string>
		</dict>
		<key>B99168CA1A86F4CD007B0949</key>
		<dict>
			<key>fileRef</key>
			<string>B99168C91A86F4CD007B0949</string>
			<key>isa</key>
			<string>PBXBuildFile</string>
		</dict>
		<key>B99168CB1A86F4D1007B0949</key>
		<dict>
			<key>isa</key>
			<string>PBXFileReference</string>
			<key>lastKnownFileType</key>
			<string>wrapper.framework</string>
			<key>name</key>
			<string>CFNetwork.framework</string>
			<key>path</key>
			<string>System/Library/Frameworks/CFNetwork.framework</string>
			<key>sourceTree</key>
			<string>SDKROOT</string>
		</dict>
		<key>B99168CC1A86F4D1007B0949</key>
		<dict>
			<key>fileRef</key>
			<string>B99168CB1A86F4D1007B0949</string>
			<key>isa</key>
			<string>PBXBuildFile</string>
		</dict>
		<key>B99168CD1A86F6AD007B0949</key>
		<dict>
			<key>isa</key>
			<string>PBXFileReference</string>
			<key>lastKnownFileType</key>
			<string>sourcecode.c.h</string>
			<key>path</key>
			<string>bass.h</string>
			<key>sourceTree</key>
			<string>&lt;group&gt;</string>
		</dict>
		<key>B99168CE1A86F6B1007B0949</key>
		<dict>
			<key>isa</key>
			<string>PBXFileReference</string>
			<key>lastKnownFileType</key>
			<string>sourcecode.c.h</string>
			<key>path</key>
			<string>bassmidi.h</string>
			<key>sourceTree</key>
			<string>&lt;group&gt;</string>
		</dict>
		<key>B99168CF1A86F721007B0949</key>
		<dict>
			<key>fileEncoding</key>
			<string>4</string>
			<key>isa</key>
			<string>PBXFileReference</string>
			<key>lastKnownFileType</key>
			<string>sourcecode.c.c</string>
			<key>path</key>
			<string>synth.c</string>
			<key>sourceTree</key>
			<string>&lt;group&gt;</string>
		</dict>
		<key>B9E2ACD91A8744E900223E6D</key>
		<dict>
			<key>fileEncoding</key>
			<string>4</string>
			<key>isa</key>
			<string>PBXFileReference</string>
			<key>lastKnownFileType</key>
			<string>sourcecode.c.h</string>
			<key>path</key>
			<string>MHMediator.h</string>
			<key>sourceTree</key>
			<string>&lt;group&gt;</string>
		</dict>
		<key>B9E2ACDA1A8744E900223E6D</key>
		<dict>
			<key>fileEncoding</key>
			<string>4</string>
			<key>isa</key>
			<string>PBXFileReference</string>
			<key>lastKnownFileType</key>
			<string>sourcecode.cpp.objcpp</string>
			<key>path</key>
			<string>MHMediator.mm</string>
			<key>sourceTree</key>
			<string>&lt;group&gt;</string>
		</dict>
		<key>B9E2ACDB1A8744E900223E6D</key>
		<dict>
			<key>fileRef</key>
			<string>B9E2ACDA1A8744E900223E6D</string>
			<key>isa</key>
			<string>PBXBuildFile</string>
		</dict>
		<key>CE1C5A6EAD74C16215A7B543</key>
		<dict>
			<key>includeInIndex</key>
			<string>1</string>
			<key>isa</key>
			<string>PBXFileReference</string>
			<key>lastKnownFileType</key>
			<string>text.xcconfig</string>
			<key>name</key>
			<string>Pods.release.xcconfig</string>
			<key>path</key>
			<string>Pods/Target Support Files/Pods/Pods.release.xcconfig</string>
			<key>sourceTree</key>
			<string>&lt;group&gt;</string>
		</dict>
		<key>D94835D3AAC3A595B7EEFCDF</key>
		<dict>
			<key>buildActionMask</key>
			<string>2147483647</string>
			<key>files</key>
			<array/>
			<key>inputPaths</key>
			<array/>
			<key>isa</key>
			<string>PBXShellScriptBuildPhase</string>
			<key>name</key>
			<string>Check Pods Manifest.lock</string>
			<key>outputPaths</key>
			<array/>
			<key>runOnlyForDeploymentPostprocessing</key>
			<string>0</string>
			<key>shellPath</key>
			<string>/bin/sh</string>
			<key>shellScript</key>
			<string>diff "${PODS_ROOT}/../Podfile.lock" "${PODS_ROOT}/Manifest.lock" &gt; /dev/null
if [[ $? != 0 ]] ; then
    cat &lt;&lt; EOM
error: The sandbox is not in sync with the Podfile.lock. Run 'pod install' or update your CocoaPods installation.
EOM
    exit 1
fi
</string>
			<key>showEnvVarsInLog</key>
			<string>0</string>
		</dict>
		<key>EC87F14EDA87243E936546E7</key>
		<dict>
			<key>explicitFileType</key>
			<string>archive.ar</string>
			<key>includeInIndex</key>
			<string>0</string>
			<key>isa</key>
			<string>PBXFileReference</string>
			<key>path</key>
			<string>libPods.a</string>
			<key>sourceTree</key>
			<string>BUILT_PRODUCTS_DIR</string>
		</dict>
		<key>FF29E6512CB7EEA928621EFE</key>
		<dict>
			<key>children</key>
			<array>
				<string>1023BAE4740C3F4E5A84E233</string>
				<string>CE1C5A6EAD74C16215A7B543</string>
			</array>
			<key>isa</key>
			<string>PBXGroup</string>
			<key>name</key>
			<string>Pods</string>
			<key>sourceTree</key>
			<string>&lt;group&gt;</string>
		</dict>
	</dict>
	<key>rootObject</key>
	<string>B9800E881A8418340022ECC2</string>
</dict>
</plist>
